
Microsoft Visual Studio Solution File, Format Version 12.00
# Visual Studio 15
VisualStudioVersion = 15.0.27004.2006
MinimumVisualStudioVersion = 10.0.40219.1
Project("{FAE04EC0-301F-11D3-BF4B-00C04F79EFBC}") = "Filtering", "Filtering\Filtering.csproj", "{9A36EC19-ABDF-487A-9616-D42B841F40BB}"
EndProject
Project("{FAE04EC0-301F-11D3-BF4B-00C04F79EFBC}") = "InMemoryStorageInterfaces", "InMemoryStorage\InMemoryStorageInterfaces.csproj", "{0B72A614-5927-4DB8-8B88-2C67F882E0F6}"
EndProject
Project("{FAE04EC0-301F-11D3-BF4B-00C04F79EFBC}") = "Validation", "Validation\Validation.csproj", "{1FC40AA3-C4C3-431C-98F4-7DE7ECB76B93}"
EndProject
Project("{FAE04EC0-301F-11D3-BF4B-00C04F79EFBC}") = "Images", "Images\Images.csproj", "{7DEAC086-8971-4BB8-96CB-F9FD45EB8ADF}"
EndProject
Project("{FAE04EC0-301F-11D3-BF4B-00C04F79EFBC}") = "Security", "Security\Security.csproj", "{82F24F17-2FAE-4A54-B128-CE47D939C7F1}"
EndProject
Project("{FAE04EC0-301F-11D3-BF4B-00C04F79EFBC}") = "UI", "UI\UI.csproj", "{7E28C975-1DD6-4668-91E7-667EBB1A6355}"
EndProject
Project("{FAE04EC0-301F-11D3-BF4B-00C04F79EFBC}") = "ViewModelInterfaces", "ViewModelInterfaces\ViewModelInterfaces.csproj", "{BEF15C7F-6222-453C-B233-8B12921E3C6A}"
	ProjectSection(ProjectDependencies) = postProject
		{0CA2025D-F752-424F-8473-419E08DB0FFB} = {0CA2025D-F752-424F-8473-419E08DB0FFB}
	EndProjectSection
EndProject
Project("{FAE04EC0-301F-11D3-BF4B-00C04F79EFBC}") = "ViewModelImplementation", "ViewModelImplementation\ViewModelImplementation.csproj", "{96BFA0BF-65BE-4C2F-A149-81132DAF483A}"
	ProjectSection(ProjectDependencies) = postProject
		{0CA2025D-F752-424F-8473-419E08DB0FFB} = {0CA2025D-F752-424F-8473-419E08DB0FFB}
		{F522DEDC-84F8-4A61-B9AB-C753192018CC} = {F522DEDC-84F8-4A61-B9AB-C753192018CC}
	EndProjectSection
EndProject
Project("{FAE04EC0-301F-11D3-BF4B-00C04F79EFBC}") = "InMemoryStorageImplementation", "InMemoryStorageImplementation\InMemoryStorageImplementation.csproj", "{7382BF81-C0D0-4661-8CD2-23EEFE8F1E5E}"
EndProject
Project("{FAE04EC0-301F-11D3-BF4B-00C04F79EFBC}") = "FileJSON", "FilePersistency\FileJSON.csproj", "{4427EAD7-0561-44C0-9294-2F4CDE6CC9DE}"
	ProjectSection(ProjectDependencies) = postProject
		{09DA2731-E192-4315-A99A-C3673578C5F1} = {09DA2731-E192-4315-A99A-C3673578C5F1}
		{D2BCE0E0-455D-4F46-A771-3507FB8813E1} = {D2BCE0E0-455D-4F46-A771-3507FB8813E1}
	EndProjectSection
EndProject
Project("{FAE04EC0-301F-11D3-BF4B-00C04F79EFBC}") = "ExtensionsModel", "ExtensionsModel\ExtensionsModel.csproj", "{DD362B5A-7603-4480-8D5E-8A003DAFB614}"
	ProjectSection(ProjectDependencies) = postProject
		{05E85605-BD0B-433F-B428-2A522845705F} = {05E85605-BD0B-433F-B428-2A522845705F}
		{6F45220C-81D5-46CB-BB8F-B3E7FC1F744C} = {6F45220C-81D5-46CB-BB8F-B3E7FC1F744C}
		{833D4C2C-9C8E-407D-BE7A-89FA7CE521D8} = {833D4C2C-9C8E-407D-BE7A-89FA7CE521D8}
		{FBCC9A88-5119-46DA-B730-CFBDA07F7971} = {FBCC9A88-5119-46DA-B730-CFBDA07F7971}
	EndProjectSection
EndProject
Project("{FAE04EC0-301F-11D3-BF4B-00C04F79EFBC}") = "ExtensionsViewModel", "ExtensionsViewModel\ExtensionsViewModel.csproj", "{9F029EF8-63FA-43B0-96EB-98E17E8FCD56}"
	ProjectSection(ProjectDependencies) = postProject
		{52BE3CDA-97E8-4030-BEEB-B6E343C809FE} = {52BE3CDA-97E8-4030-BEEB-B6E343C809FE}
	EndProjectSection
EndProject
Project("{2150E333-8FDC-42A3-9474-1A3956D46DE8}") = "Services", "Services", "{F11BBEBD-881B-489D-87DE-1A8BA12CA235}"
EndProject
Project("{2150E333-8FDC-42A3-9474-1A3956D46DE8}") = "Extensions", "Extensions", "{9366C060-0A2D-4A92-94D3-E55F4F1EEAF2}"
EndProject
Project("{2150E333-8FDC-42A3-9474-1A3956D46DE8}") = "Model", "Model", "{B7ED9F26-CCEC-42AE-9ED9-AF6BCA0178C4}"
EndProject
Project("{2150E333-8FDC-42A3-9474-1A3956D46DE8}") = "ViewModel", "ViewModel", "{9A82DD57-CBBE-49D1-AB4A-915755BD6EAF}"
EndProject
Project("{FAE04EC0-301F-11D3-BF4B-00C04F79EFBC}") = "ExtensionsServices", "ExtensionsServices\ExtensionsServices.csproj", "{C3F9989C-B690-47B5-8671-CB232AB62C97}"
EndProject
Project("{2150E333-8FDC-42A3-9474-1A3956D46DE8}") = "DataSources", "DataSources", "{0B78EC19-A66B-4F24-8231-A824EAC50D33}"
EndProject
Project("{2150E333-8FDC-42A3-9474-1A3956D46DE8}") = "Controllers", "Controllers", "{E163DEF5-A267-431E-A25F-F51B06B59342}"
EndProject
Project("{2150E333-8FDC-42A3-9474-1A3956D46DE8}") = "Commands", "Commands", "{754FA46F-220D-44F9-B3E6-FB56D6F2561F}"
EndProject
Project("{FAE04EC0-301F-11D3-BF4B-00C04F79EFBC}") = "CommandInterfaces", "CommandInterfaces\CommandInterfaces.csproj", "{52BE3CDA-97E8-4030-BEEB-B6E343C809FE}"
EndProject
Project("{FAE04EC0-301F-11D3-BF4B-00C04F79EFBC}") = "CommandImplementation", "CommandImplementation\CommandImplementation.csproj", "{F9A5EDDF-E3D7-49CF-BC63-74C1532415B4}"
EndProject
Project("{2150E333-8FDC-42A3-9474-1A3956D46DE8}") = "DataCommands", "DataCommands", "{FC534E9F-645B-4208-A4C3-751FEB6223A9}"
EndProject
Project("{FAE04EC0-301F-11D3-BF4B-00C04F79EFBC}") = "DataCommandImplementation", "DataCommandImplementation\DataCommandImplementation.csproj", "{AA7779A0-33D8-45C0-B0FF-6A24E054CC3A}"
	ProjectSection(ProjectDependencies) = postProject
		{7DAA825E-C5FA-4DB8-8B6D-F388660A7223} = {7DAA825E-C5FA-4DB8-8B6D-F388660A7223}
	EndProjectSection
EndProject
Project("{FAE04EC0-301F-11D3-BF4B-00C04F79EFBC}") = "ViewState", "ViewState\ViewState.csproj", "{943F1C5A-9189-40AF-AAC4-3C3E0B45DA11}"
EndProject
Project("{FAE04EC0-301F-11D3-BF4B-00C04F79EFBC}") = "ExtensionsCommands", "ExtensionsCommands\ExtensionsCommands.csproj", "{C7A83E53-4AB6-4F81-9B77-C1C6AC6F9E5A}"
	ProjectSection(ProjectDependencies) = postProject
		{F9A5EDDF-E3D7-49CF-BC63-74C1532415B4} = {F9A5EDDF-E3D7-49CF-BC63-74C1532415B4}
	EndProjectSection
EndProject
Project("{2150E333-8FDC-42A3-9474-1A3956D46DE8}") = "DataControllers", "DataControllers", "{DB9EAFEB-2DE7-480E-845C-9DCFFF31C009}"
EndProject
Project("{FAE04EC0-301F-11D3-BF4B-00C04F79EFBC}") = "DataControllerImplementation", "DataControllerImplementation\DataControllerImplementation.csproj", "{7DAA825E-C5FA-4DB8-8B6D-F388660A7223}"
	ProjectSection(ProjectDependencies) = postProject
		{0CA2025D-F752-424F-8473-419E08DB0FFB} = {0CA2025D-F752-424F-8473-419E08DB0FFB}
		{DBC04777-243F-4F5D-A25A-E9F7D9678ABB} = {DBC04777-243F-4F5D-A25A-E9F7D9678ABB}
	EndProjectSection
EndProject
Project("{FAE04EC0-301F-11D3-BF4B-00C04F79EFBC}") = "ControlState", "ControlState\ControlState.csproj", "{730EA5FC-918C-4D85-B5AC-96F92BBA174C}"
EndProject
Project("{2150E333-8FDC-42A3-9474-1A3956D46DE8}") = "Persistency", "Persistency", "{3D6FA182-420F-46A5-84E7-F169A9C34FA1}"
EndProject
Project("{FAE04EC0-301F-11D3-BF4B-00C04F79EFBC}") = "PersistencyInterfaces", "PersistencyInterfaces\PersistencyInterfaces.csproj", "{09DA2731-E192-4315-A99A-C3673578C5F1}"
EndProject
Project("{FAE04EC0-301F-11D3-BF4B-00C04F79EFBC}") = "PersistencyImplementation", "PersistencyImplementation\PersistencyImplementation.csproj", "{05E85605-BD0B-433F-B428-2A522845705F}"
	ProjectSection(ProjectDependencies) = postProject
		{09DA2731-E192-4315-A99A-C3673578C5F1} = {09DA2731-E192-4315-A99A-C3673578C5F1}
	EndProjectSection
EndProject
Project("{FAE04EC0-301F-11D3-BF4B-00C04F79EFBC}") = "ControllerInterfaces", "ControllerInterfaces\ControllerInterfaces.csproj", "{DBC04777-243F-4F5D-A25A-E9F7D9678ABB}"
EndProject
Project("{2150E333-8FDC-42A3-9474-1A3956D46DE8}") = "CommandControl", "CommandControl", "{1379D9AD-06BD-4D2E-B2BE-D155AC5D6D35}"
EndProject
Project("{2150E333-8FDC-42A3-9474-1A3956D46DE8}") = "PersistentData", "PersistentData", "{5DDFBED2-826B-4B06-8A20-DF0E5FB021B5}"
EndProject
Project("{FAE04EC0-301F-11D3-BF4B-00C04F79EFBC}") = "PropertyDependency", "PropertyDependency\PropertyDependency.csproj", "{D5D14B58-C4BA-472A-8E8D-E73D4B6CE2E6}"
EndProject
Project("{FAE04EC0-301F-11D3-BF4B-00C04F79EFBC}") = "WebAPI", "WebAPI\WebAPI.csproj", "{6F45220C-81D5-46CB-BB8F-B3E7FC1F744C}"
	ProjectSection(ProjectDependencies) = postProject
		{0B72A614-5927-4DB8-8B88-2C67F882E0F6} = {0B72A614-5927-4DB8-8B88-2C67F882E0F6}
		{09DA2731-E192-4315-A99A-C3673578C5F1} = {09DA2731-E192-4315-A99A-C3673578C5F1}
	EndProjectSection
EndProject
Project("{2150E333-8FDC-42A3-9474-1A3956D46DE8}") = "TransformedData", "TransformedData", "{D681361B-0684-4A45-9AB0-77C0B709AC5D}"
EndProject
Project("{FAE04EC0-301F-11D3-BF4B-00C04F79EFBC}") = "DataTransformationInterfaces", "DataTransformationInterfaces\DataTransformationInterfaces.csproj", "{0CA2025D-F752-424F-8473-419E08DB0FFB}"
EndProject
Project("{FAE04EC0-301F-11D3-BF4B-00C04F79EFBC}") = "DataTransformationImplementation", "DataTransformationImplementation\DataTransformationImplementation.csproj", "{F522DEDC-84F8-4A61-B9AB-C753192018CC}"
	ProjectSection(ProjectDependencies) = postProject
		{0B72A614-5927-4DB8-8B88-2C67F882E0F6} = {0B72A614-5927-4DB8-8B88-2C67F882E0F6}
	EndProjectSection
EndProject
Project("{FAE04EC0-301F-11D3-BF4B-00C04F79EFBC}") = "CatalogInterfaces", "CatalogInterfaces\CatalogInterfaces.csproj", "{833D4C2C-9C8E-407D-BE7A-89FA7CE521D8}"
EndProject
Project("{FAE04EC0-301F-11D3-BF4B-00C04F79EFBC}") = "CatalogImplementation", "CatalogImplementation\CatalogImplementation.csproj", "{FBCC9A88-5119-46DA-B730-CFBDA07F7971}"
EndProject
Project("{2150E333-8FDC-42A3-9474-1A3956D46DE8}") = "InMemoryData", "InMemoryData", "{1D503FB4-3E5C-4731-9007-4B0CF64FB913}"
EndProject
Project("{FAE04EC0-301F-11D3-BF4B-00C04F79EFBC}") = "StringPersistencyInterfaces", "StringPersistencyInterfaces\StringPersistencyInterfaces.csproj", "{D2BCE0E0-455D-4F46-A771-3507FB8813E1}"
EndProject
Global
	GlobalSection(SolutionConfigurationPlatforms) = preSolution
		Debug|Any CPU = Debug|Any CPU
		Debug|ARM = Debug|ARM
		Debug|x64 = Debug|x64
		Debug|x86 = Debug|x86
		Release|Any CPU = Release|Any CPU
		Release|ARM = Release|ARM
		Release|x64 = Release|x64
		Release|x86 = Release|x86
	EndGlobalSection
	GlobalSection(ProjectConfigurationPlatforms) = postSolution
		{9A36EC19-ABDF-487A-9616-D42B841F40BB}.Debug|Any CPU.ActiveCfg = Debug|Any CPU
		{9A36EC19-ABDF-487A-9616-D42B841F40BB}.Debug|Any CPU.Build.0 = Debug|Any CPU
		{9A36EC19-ABDF-487A-9616-D42B841F40BB}.Debug|ARM.ActiveCfg = Debug|ARM
		{9A36EC19-ABDF-487A-9616-D42B841F40BB}.Debug|ARM.Build.0 = Debug|ARM
		{9A36EC19-ABDF-487A-9616-D42B841F40BB}.Debug|x64.ActiveCfg = Debug|x64
		{9A36EC19-ABDF-487A-9616-D42B841F40BB}.Debug|x64.Build.0 = Debug|x64
		{9A36EC19-ABDF-487A-9616-D42B841F40BB}.Debug|x86.ActiveCfg = Debug|x86
		{9A36EC19-ABDF-487A-9616-D42B841F40BB}.Debug|x86.Build.0 = Debug|x86
		{9A36EC19-ABDF-487A-9616-D42B841F40BB}.Release|Any CPU.ActiveCfg = Release|Any CPU
		{9A36EC19-ABDF-487A-9616-D42B841F40BB}.Release|Any CPU.Build.0 = Release|Any CPU
		{9A36EC19-ABDF-487A-9616-D42B841F40BB}.Release|ARM.ActiveCfg = Release|ARM
		{9A36EC19-ABDF-487A-9616-D42B841F40BB}.Release|ARM.Build.0 = Release|ARM
		{9A36EC19-ABDF-487A-9616-D42B841F40BB}.Release|x64.ActiveCfg = Release|x64
		{9A36EC19-ABDF-487A-9616-D42B841F40BB}.Release|x64.Build.0 = Release|x64
		{9A36EC19-ABDF-487A-9616-D42B841F40BB}.Release|x86.ActiveCfg = Release|x86
		{9A36EC19-ABDF-487A-9616-D42B841F40BB}.Release|x86.Build.0 = Release|x86
		{0B72A614-5927-4DB8-8B88-2C67F882E0F6}.Debug|Any CPU.ActiveCfg = Debug|Any CPU
		{0B72A614-5927-4DB8-8B88-2C67F882E0F6}.Debug|Any CPU.Build.0 = Debug|Any CPU
		{0B72A614-5927-4DB8-8B88-2C67F882E0F6}.Debug|ARM.ActiveCfg = Debug|ARM
		{0B72A614-5927-4DB8-8B88-2C67F882E0F6}.Debug|ARM.Build.0 = Debug|ARM
		{0B72A614-5927-4DB8-8B88-2C67F882E0F6}.Debug|x64.ActiveCfg = Debug|x64
		{0B72A614-5927-4DB8-8B88-2C67F882E0F6}.Debug|x64.Build.0 = Debug|x64
		{0B72A614-5927-4DB8-8B88-2C67F882E0F6}.Debug|x86.ActiveCfg = Debug|x86
		{0B72A614-5927-4DB8-8B88-2C67F882E0F6}.Debug|x86.Build.0 = Debug|x86
		{0B72A614-5927-4DB8-8B88-2C67F882E0F6}.Release|Any CPU.ActiveCfg = Release|Any CPU
		{0B72A614-5927-4DB8-8B88-2C67F882E0F6}.Release|Any CPU.Build.0 = Release|Any CPU
		{0B72A614-5927-4DB8-8B88-2C67F882E0F6}.Release|ARM.ActiveCfg = Release|ARM
		{0B72A614-5927-4DB8-8B88-2C67F882E0F6}.Release|ARM.Build.0 = Release|ARM
		{0B72A614-5927-4DB8-8B88-2C67F882E0F6}.Release|x64.ActiveCfg = Release|x64
		{0B72A614-5927-4DB8-8B88-2C67F882E0F6}.Release|x64.Build.0 = Release|x64
		{0B72A614-5927-4DB8-8B88-2C67F882E0F6}.Release|x86.ActiveCfg = Release|x86
		{0B72A614-5927-4DB8-8B88-2C67F882E0F6}.Release|x86.Build.0 = Release|x86
		{1FC40AA3-C4C3-431C-98F4-7DE7ECB76B93}.Debug|Any CPU.ActiveCfg = Debug|Any CPU
		{1FC40AA3-C4C3-431C-98F4-7DE7ECB76B93}.Debug|Any CPU.Build.0 = Debug|Any CPU
		{1FC40AA3-C4C3-431C-98F4-7DE7ECB76B93}.Debug|ARM.ActiveCfg = Debug|ARM
		{1FC40AA3-C4C3-431C-98F4-7DE7ECB76B93}.Debug|ARM.Build.0 = Debug|ARM
		{1FC40AA3-C4C3-431C-98F4-7DE7ECB76B93}.Debug|x64.ActiveCfg = Debug|x64
		{1FC40AA3-C4C3-431C-98F4-7DE7ECB76B93}.Debug|x64.Build.0 = Debug|x64
		{1FC40AA3-C4C3-431C-98F4-7DE7ECB76B93}.Debug|x86.ActiveCfg = Debug|x86
		{1FC40AA3-C4C3-431C-98F4-7DE7ECB76B93}.Debug|x86.Build.0 = Debug|x86
		{1FC40AA3-C4C3-431C-98F4-7DE7ECB76B93}.Release|Any CPU.ActiveCfg = Release|Any CPU
		{1FC40AA3-C4C3-431C-98F4-7DE7ECB76B93}.Release|Any CPU.Build.0 = Release|Any CPU
		{1FC40AA3-C4C3-431C-98F4-7DE7ECB76B93}.Release|ARM.ActiveCfg = Release|ARM
		{1FC40AA3-C4C3-431C-98F4-7DE7ECB76B93}.Release|ARM.Build.0 = Release|ARM
		{1FC40AA3-C4C3-431C-98F4-7DE7ECB76B93}.Release|x64.ActiveCfg = Release|x64
		{1FC40AA3-C4C3-431C-98F4-7DE7ECB76B93}.Release|x64.Build.0 = Release|x64
		{1FC40AA3-C4C3-431C-98F4-7DE7ECB76B93}.Release|x86.ActiveCfg = Release|x86
		{1FC40AA3-C4C3-431C-98F4-7DE7ECB76B93}.Release|x86.Build.0 = Release|x86
		{7DEAC086-8971-4BB8-96CB-F9FD45EB8ADF}.Debug|Any CPU.ActiveCfg = Debug|Any CPU
		{7DEAC086-8971-4BB8-96CB-F9FD45EB8ADF}.Debug|Any CPU.Build.0 = Debug|Any CPU
		{7DEAC086-8971-4BB8-96CB-F9FD45EB8ADF}.Debug|ARM.ActiveCfg = Debug|ARM
		{7DEAC086-8971-4BB8-96CB-F9FD45EB8ADF}.Debug|ARM.Build.0 = Debug|ARM
		{7DEAC086-8971-4BB8-96CB-F9FD45EB8ADF}.Debug|x64.ActiveCfg = Debug|x64
		{7DEAC086-8971-4BB8-96CB-F9FD45EB8ADF}.Debug|x64.Build.0 = Debug|x64
		{7DEAC086-8971-4BB8-96CB-F9FD45EB8ADF}.Debug|x86.ActiveCfg = Debug|x86
		{7DEAC086-8971-4BB8-96CB-F9FD45EB8ADF}.Debug|x86.Build.0 = Debug|x86
		{7DEAC086-8971-4BB8-96CB-F9FD45EB8ADF}.Release|Any CPU.ActiveCfg = Release|Any CPU
		{7DEAC086-8971-4BB8-96CB-F9FD45EB8ADF}.Release|Any CPU.Build.0 = Release|Any CPU
		{7DEAC086-8971-4BB8-96CB-F9FD45EB8ADF}.Release|ARM.ActiveCfg = Release|ARM
		{7DEAC086-8971-4BB8-96CB-F9FD45EB8ADF}.Release|ARM.Build.0 = Release|ARM
		{7DEAC086-8971-4BB8-96CB-F9FD45EB8ADF}.Release|x64.ActiveCfg = Release|x64
		{7DEAC086-8971-4BB8-96CB-F9FD45EB8ADF}.Release|x64.Build.0 = Release|x64
		{7DEAC086-8971-4BB8-96CB-F9FD45EB8ADF}.Release|x86.ActiveCfg = Release|x86
		{7DEAC086-8971-4BB8-96CB-F9FD45EB8ADF}.Release|x86.Build.0 = Release|x86
		{82F24F17-2FAE-4A54-B128-CE47D939C7F1}.Debug|Any CPU.ActiveCfg = Debug|Any CPU
		{82F24F17-2FAE-4A54-B128-CE47D939C7F1}.Debug|Any CPU.Build.0 = Debug|Any CPU
		{82F24F17-2FAE-4A54-B128-CE47D939C7F1}.Debug|ARM.ActiveCfg = Debug|ARM
		{82F24F17-2FAE-4A54-B128-CE47D939C7F1}.Debug|ARM.Build.0 = Debug|ARM
		{82F24F17-2FAE-4A54-B128-CE47D939C7F1}.Debug|x64.ActiveCfg = Debug|x64
		{82F24F17-2FAE-4A54-B128-CE47D939C7F1}.Debug|x64.Build.0 = Debug|x64
		{82F24F17-2FAE-4A54-B128-CE47D939C7F1}.Debug|x86.ActiveCfg = Debug|x86
		{82F24F17-2FAE-4A54-B128-CE47D939C7F1}.Debug|x86.Build.0 = Debug|x86
		{82F24F17-2FAE-4A54-B128-CE47D939C7F1}.Release|Any CPU.ActiveCfg = Release|Any CPU
		{82F24F17-2FAE-4A54-B128-CE47D939C7F1}.Release|Any CPU.Build.0 = Release|Any CPU
		{82F24F17-2FAE-4A54-B128-CE47D939C7F1}.Release|ARM.ActiveCfg = Release|ARM
		{82F24F17-2FAE-4A54-B128-CE47D939C7F1}.Release|ARM.Build.0 = Release|ARM
		{82F24F17-2FAE-4A54-B128-CE47D939C7F1}.Release|x64.ActiveCfg = Release|x64
		{82F24F17-2FAE-4A54-B128-CE47D939C7F1}.Release|x64.Build.0 = Release|x64
		{82F24F17-2FAE-4A54-B128-CE47D939C7F1}.Release|x86.ActiveCfg = Release|x86
		{82F24F17-2FAE-4A54-B128-CE47D939C7F1}.Release|x86.Build.0 = Release|x86
		{7E28C975-1DD6-4668-91E7-667EBB1A6355}.Debug|Any CPU.ActiveCfg = Debug|Any CPU
		{7E28C975-1DD6-4668-91E7-667EBB1A6355}.Debug|Any CPU.Build.0 = Debug|Any CPU
		{7E28C975-1DD6-4668-91E7-667EBB1A6355}.Debug|ARM.ActiveCfg = Debug|ARM
		{7E28C975-1DD6-4668-91E7-667EBB1A6355}.Debug|ARM.Build.0 = Debug|ARM
		{7E28C975-1DD6-4668-91E7-667EBB1A6355}.Debug|x64.ActiveCfg = Debug|x64
		{7E28C975-1DD6-4668-91E7-667EBB1A6355}.Debug|x64.Build.0 = Debug|x64
		{7E28C975-1DD6-4668-91E7-667EBB1A6355}.Debug|x86.ActiveCfg = Debug|x86
		{7E28C975-1DD6-4668-91E7-667EBB1A6355}.Debug|x86.Build.0 = Debug|x86
		{7E28C975-1DD6-4668-91E7-667EBB1A6355}.Release|Any CPU.ActiveCfg = Release|Any CPU
		{7E28C975-1DD6-4668-91E7-667EBB1A6355}.Release|Any CPU.Build.0 = Release|Any CPU
		{7E28C975-1DD6-4668-91E7-667EBB1A6355}.Release|ARM.ActiveCfg = Release|ARM
		{7E28C975-1DD6-4668-91E7-667EBB1A6355}.Release|ARM.Build.0 = Release|ARM
		{7E28C975-1DD6-4668-91E7-667EBB1A6355}.Release|x64.ActiveCfg = Release|x64
		{7E28C975-1DD6-4668-91E7-667EBB1A6355}.Release|x64.Build.0 = Release|x64
		{7E28C975-1DD6-4668-91E7-667EBB1A6355}.Release|x86.ActiveCfg = Release|x86
		{7E28C975-1DD6-4668-91E7-667EBB1A6355}.Release|x86.Build.0 = Release|x86
		{BEF15C7F-6222-453C-B233-8B12921E3C6A}.Debug|Any CPU.ActiveCfg = Debug|Any CPU
		{BEF15C7F-6222-453C-B233-8B12921E3C6A}.Debug|Any CPU.Build.0 = Debug|Any CPU
		{BEF15C7F-6222-453C-B233-8B12921E3C6A}.Debug|ARM.ActiveCfg = Debug|ARM
		{BEF15C7F-6222-453C-B233-8B12921E3C6A}.Debug|ARM.Build.0 = Debug|ARM
		{BEF15C7F-6222-453C-B233-8B12921E3C6A}.Debug|x64.ActiveCfg = Debug|x64
		{BEF15C7F-6222-453C-B233-8B12921E3C6A}.Debug|x64.Build.0 = Debug|x64
		{BEF15C7F-6222-453C-B233-8B12921E3C6A}.Debug|x86.ActiveCfg = Debug|x86
		{BEF15C7F-6222-453C-B233-8B12921E3C6A}.Debug|x86.Build.0 = Debug|x86
		{BEF15C7F-6222-453C-B233-8B12921E3C6A}.Release|Any CPU.ActiveCfg = Release|Any CPU
		{BEF15C7F-6222-453C-B233-8B12921E3C6A}.Release|Any CPU.Build.0 = Release|Any CPU
		{BEF15C7F-6222-453C-B233-8B12921E3C6A}.Release|ARM.ActiveCfg = Release|ARM
		{BEF15C7F-6222-453C-B233-8B12921E3C6A}.Release|ARM.Build.0 = Release|ARM
		{BEF15C7F-6222-453C-B233-8B12921E3C6A}.Release|x64.ActiveCfg = Release|x64
		{BEF15C7F-6222-453C-B233-8B12921E3C6A}.Release|x64.Build.0 = Release|x64
		{BEF15C7F-6222-453C-B233-8B12921E3C6A}.Release|x86.ActiveCfg = Release|x86
		{BEF15C7F-6222-453C-B233-8B12921E3C6A}.Release|x86.Build.0 = Release|x86
		{96BFA0BF-65BE-4C2F-A149-81132DAF483A}.Debug|Any CPU.ActiveCfg = Debug|Any CPU
		{96BFA0BF-65BE-4C2F-A149-81132DAF483A}.Debug|Any CPU.Build.0 = Debug|Any CPU
		{96BFA0BF-65BE-4C2F-A149-81132DAF483A}.Debug|ARM.ActiveCfg = Debug|ARM
		{96BFA0BF-65BE-4C2F-A149-81132DAF483A}.Debug|ARM.Build.0 = Debug|ARM
		{96BFA0BF-65BE-4C2F-A149-81132DAF483A}.Debug|x64.ActiveCfg = Debug|x64
		{96BFA0BF-65BE-4C2F-A149-81132DAF483A}.Debug|x64.Build.0 = Debug|x64
		{96BFA0BF-65BE-4C2F-A149-81132DAF483A}.Debug|x86.ActiveCfg = Debug|x86
		{96BFA0BF-65BE-4C2F-A149-81132DAF483A}.Debug|x86.Build.0 = Debug|x86
		{96BFA0BF-65BE-4C2F-A149-81132DAF483A}.Release|Any CPU.ActiveCfg = Release|Any CPU
		{96BFA0BF-65BE-4C2F-A149-81132DAF483A}.Release|Any CPU.Build.0 = Release|Any CPU
		{96BFA0BF-65BE-4C2F-A149-81132DAF483A}.Release|ARM.ActiveCfg = Release|ARM
		{96BFA0BF-65BE-4C2F-A149-81132DAF483A}.Release|ARM.Build.0 = Release|ARM
		{96BFA0BF-65BE-4C2F-A149-81132DAF483A}.Release|x64.ActiveCfg = Release|x64
		{96BFA0BF-65BE-4C2F-A149-81132DAF483A}.Release|x64.Build.0 = Release|x64
		{96BFA0BF-65BE-4C2F-A149-81132DAF483A}.Release|x86.ActiveCfg = Release|x86
		{96BFA0BF-65BE-4C2F-A149-81132DAF483A}.Release|x86.Build.0 = Release|x86
		{7382BF81-C0D0-4661-8CD2-23EEFE8F1E5E}.Debug|Any CPU.ActiveCfg = Debug|Any CPU
		{7382BF81-C0D0-4661-8CD2-23EEFE8F1E5E}.Debug|Any CPU.Build.0 = Debug|Any CPU
		{7382BF81-C0D0-4661-8CD2-23EEFE8F1E5E}.Debug|ARM.ActiveCfg = Debug|ARM
		{7382BF81-C0D0-4661-8CD2-23EEFE8F1E5E}.Debug|ARM.Build.0 = Debug|ARM
		{7382BF81-C0D0-4661-8CD2-23EEFE8F1E5E}.Debug|x64.ActiveCfg = Debug|x64
		{7382BF81-C0D0-4661-8CD2-23EEFE8F1E5E}.Debug|x64.Build.0 = Debug|x64
		{7382BF81-C0D0-4661-8CD2-23EEFE8F1E5E}.Debug|x86.ActiveCfg = Debug|x86
		{7382BF81-C0D0-4661-8CD2-23EEFE8F1E5E}.Debug|x86.Build.0 = Debug|x86
		{7382BF81-C0D0-4661-8CD2-23EEFE8F1E5E}.Release|Any CPU.ActiveCfg = Release|Any CPU
		{7382BF81-C0D0-4661-8CD2-23EEFE8F1E5E}.Release|Any CPU.Build.0 = Release|Any CPU
		{7382BF81-C0D0-4661-8CD2-23EEFE8F1E5E}.Release|ARM.ActiveCfg = Release|ARM
		{7382BF81-C0D0-4661-8CD2-23EEFE8F1E5E}.Release|ARM.Build.0 = Release|ARM
		{7382BF81-C0D0-4661-8CD2-23EEFE8F1E5E}.Release|x64.ActiveCfg = Release|x64
		{7382BF81-C0D0-4661-8CD2-23EEFE8F1E5E}.Release|x64.Build.0 = Release|x64
		{7382BF81-C0D0-4661-8CD2-23EEFE8F1E5E}.Release|x86.ActiveCfg = Release|x86
		{7382BF81-C0D0-4661-8CD2-23EEFE8F1E5E}.Release|x86.Build.0 = Release|x86
		{4427EAD7-0561-44C0-9294-2F4CDE6CC9DE}.Debug|Any CPU.ActiveCfg = Debug|Any CPU
		{4427EAD7-0561-44C0-9294-2F4CDE6CC9DE}.Debug|Any CPU.Build.0 = Debug|Any CPU
		{4427EAD7-0561-44C0-9294-2F4CDE6CC9DE}.Debug|ARM.ActiveCfg = Debug|ARM
		{4427EAD7-0561-44C0-9294-2F4CDE6CC9DE}.Debug|ARM.Build.0 = Debug|ARM
		{4427EAD7-0561-44C0-9294-2F4CDE6CC9DE}.Debug|x64.ActiveCfg = Debug|x64
		{4427EAD7-0561-44C0-9294-2F4CDE6CC9DE}.Debug|x64.Build.0 = Debug|x64
		{4427EAD7-0561-44C0-9294-2F4CDE6CC9DE}.Debug|x86.ActiveCfg = Debug|x86
		{4427EAD7-0561-44C0-9294-2F4CDE6CC9DE}.Debug|x86.Build.0 = Debug|x86
		{4427EAD7-0561-44C0-9294-2F4CDE6CC9DE}.Release|Any CPU.ActiveCfg = Release|Any CPU
		{4427EAD7-0561-44C0-9294-2F4CDE6CC9DE}.Release|Any CPU.Build.0 = Release|Any CPU
		{4427EAD7-0561-44C0-9294-2F4CDE6CC9DE}.Release|ARM.ActiveCfg = Release|ARM
		{4427EAD7-0561-44C0-9294-2F4CDE6CC9DE}.Release|ARM.Build.0 = Release|ARM
		{4427EAD7-0561-44C0-9294-2F4CDE6CC9DE}.Release|x64.ActiveCfg = Release|x64
		{4427EAD7-0561-44C0-9294-2F4CDE6CC9DE}.Release|x64.Build.0 = Release|x64
		{4427EAD7-0561-44C0-9294-2F4CDE6CC9DE}.Release|x86.ActiveCfg = Release|x86
		{4427EAD7-0561-44C0-9294-2F4CDE6CC9DE}.Release|x86.Build.0 = Release|x86
		{DD362B5A-7603-4480-8D5E-8A003DAFB614}.Debug|Any CPU.ActiveCfg = Debug|Any CPU
		{DD362B5A-7603-4480-8D5E-8A003DAFB614}.Debug|Any CPU.Build.0 = Debug|Any CPU
		{DD362B5A-7603-4480-8D5E-8A003DAFB614}.Debug|ARM.ActiveCfg = Debug|ARM
		{DD362B5A-7603-4480-8D5E-8A003DAFB614}.Debug|ARM.Build.0 = Debug|ARM
		{DD362B5A-7603-4480-8D5E-8A003DAFB614}.Debug|x64.ActiveCfg = Debug|x64
		{DD362B5A-7603-4480-8D5E-8A003DAFB614}.Debug|x64.Build.0 = Debug|x64
		{DD362B5A-7603-4480-8D5E-8A003DAFB614}.Debug|x86.ActiveCfg = Debug|x86
		{DD362B5A-7603-4480-8D5E-8A003DAFB614}.Debug|x86.Build.0 = Debug|x86
		{DD362B5A-7603-4480-8D5E-8A003DAFB614}.Release|Any CPU.ActiveCfg = Release|Any CPU
		{DD362B5A-7603-4480-8D5E-8A003DAFB614}.Release|Any CPU.Build.0 = Release|Any CPU
		{DD362B5A-7603-4480-8D5E-8A003DAFB614}.Release|ARM.ActiveCfg = Release|ARM
		{DD362B5A-7603-4480-8D5E-8A003DAFB614}.Release|ARM.Build.0 = Release|ARM
		{DD362B5A-7603-4480-8D5E-8A003DAFB614}.Release|x64.ActiveCfg = Release|x64
		{DD362B5A-7603-4480-8D5E-8A003DAFB614}.Release|x64.Build.0 = Release|x64
		{DD362B5A-7603-4480-8D5E-8A003DAFB614}.Release|x86.ActiveCfg = Release|x86
		{DD362B5A-7603-4480-8D5E-8A003DAFB614}.Release|x86.Build.0 = Release|x86
		{9F029EF8-63FA-43B0-96EB-98E17E8FCD56}.Debug|Any CPU.ActiveCfg = Debug|Any CPU
		{9F029EF8-63FA-43B0-96EB-98E17E8FCD56}.Debug|Any CPU.Build.0 = Debug|Any CPU
		{9F029EF8-63FA-43B0-96EB-98E17E8FCD56}.Debug|ARM.ActiveCfg = Debug|ARM
		{9F029EF8-63FA-43B0-96EB-98E17E8FCD56}.Debug|ARM.Build.0 = Debug|ARM
		{9F029EF8-63FA-43B0-96EB-98E17E8FCD56}.Debug|x64.ActiveCfg = Debug|x64
		{9F029EF8-63FA-43B0-96EB-98E17E8FCD56}.Debug|x64.Build.0 = Debug|x64
		{9F029EF8-63FA-43B0-96EB-98E17E8FCD56}.Debug|x86.ActiveCfg = Debug|x86
		{9F029EF8-63FA-43B0-96EB-98E17E8FCD56}.Debug|x86.Build.0 = Debug|x86
		{9F029EF8-63FA-43B0-96EB-98E17E8FCD56}.Release|Any CPU.ActiveCfg = Release|Any CPU
		{9F029EF8-63FA-43B0-96EB-98E17E8FCD56}.Release|Any CPU.Build.0 = Release|Any CPU
		{9F029EF8-63FA-43B0-96EB-98E17E8FCD56}.Release|ARM.ActiveCfg = Release|ARM
		{9F029EF8-63FA-43B0-96EB-98E17E8FCD56}.Release|ARM.Build.0 = Release|ARM
		{9F029EF8-63FA-43B0-96EB-98E17E8FCD56}.Release|x64.ActiveCfg = Release|x64
		{9F029EF8-63FA-43B0-96EB-98E17E8FCD56}.Release|x64.Build.0 = Release|x64
		{9F029EF8-63FA-43B0-96EB-98E17E8FCD56}.Release|x86.ActiveCfg = Release|x86
		{9F029EF8-63FA-43B0-96EB-98E17E8FCD56}.Release|x86.Build.0 = Release|x86
		{C3F9989C-B690-47B5-8671-CB232AB62C97}.Debug|Any CPU.ActiveCfg = Debug|Any CPU
		{C3F9989C-B690-47B5-8671-CB232AB62C97}.Debug|Any CPU.Build.0 = Debug|Any CPU
		{C3F9989C-B690-47B5-8671-CB232AB62C97}.Debug|ARM.ActiveCfg = Debug|ARM
		{C3F9989C-B690-47B5-8671-CB232AB62C97}.Debug|ARM.Build.0 = Debug|ARM
		{C3F9989C-B690-47B5-8671-CB232AB62C97}.Debug|x64.ActiveCfg = Debug|x64
		{C3F9989C-B690-47B5-8671-CB232AB62C97}.Debug|x64.Build.0 = Debug|x64
		{C3F9989C-B690-47B5-8671-CB232AB62C97}.Debug|x86.ActiveCfg = Debug|x86
		{C3F9989C-B690-47B5-8671-CB232AB62C97}.Debug|x86.Build.0 = Debug|x86
		{C3F9989C-B690-47B5-8671-CB232AB62C97}.Release|Any CPU.ActiveCfg = Release|Any CPU
		{C3F9989C-B690-47B5-8671-CB232AB62C97}.Release|Any CPU.Build.0 = Release|Any CPU
		{C3F9989C-B690-47B5-8671-CB232AB62C97}.Release|ARM.ActiveCfg = Release|ARM
		{C3F9989C-B690-47B5-8671-CB232AB62C97}.Release|ARM.Build.0 = Release|ARM
		{C3F9989C-B690-47B5-8671-CB232AB62C97}.Release|x64.ActiveCfg = Release|x64
		{C3F9989C-B690-47B5-8671-CB232AB62C97}.Release|x64.Build.0 = Release|x64
		{C3F9989C-B690-47B5-8671-CB232AB62C97}.Release|x86.ActiveCfg = Release|x86
		{C3F9989C-B690-47B5-8671-CB232AB62C97}.Release|x86.Build.0 = Release|x86
		{52BE3CDA-97E8-4030-BEEB-B6E343C809FE}.Debug|Any CPU.ActiveCfg = Debug|Any CPU
		{52BE3CDA-97E8-4030-BEEB-B6E343C809FE}.Debug|Any CPU.Build.0 = Debug|Any CPU
		{52BE3CDA-97E8-4030-BEEB-B6E343C809FE}.Debug|ARM.ActiveCfg = Debug|ARM
		{52BE3CDA-97E8-4030-BEEB-B6E343C809FE}.Debug|ARM.Build.0 = Debug|ARM
		{52BE3CDA-97E8-4030-BEEB-B6E343C809FE}.Debug|x64.ActiveCfg = Debug|x64
		{52BE3CDA-97E8-4030-BEEB-B6E343C809FE}.Debug|x64.Build.0 = Debug|x64
		{52BE3CDA-97E8-4030-BEEB-B6E343C809FE}.Debug|x86.ActiveCfg = Debug|x86
		{52BE3CDA-97E8-4030-BEEB-B6E343C809FE}.Debug|x86.Build.0 = Debug|x86
		{52BE3CDA-97E8-4030-BEEB-B6E343C809FE}.Release|Any CPU.ActiveCfg = Release|Any CPU
		{52BE3CDA-97E8-4030-BEEB-B6E343C809FE}.Release|Any CPU.Build.0 = Release|Any CPU
		{52BE3CDA-97E8-4030-BEEB-B6E343C809FE}.Release|ARM.ActiveCfg = Release|ARM
		{52BE3CDA-97E8-4030-BEEB-B6E343C809FE}.Release|ARM.Build.0 = Release|ARM
		{52BE3CDA-97E8-4030-BEEB-B6E343C809FE}.Release|x64.ActiveCfg = Release|x64
		{52BE3CDA-97E8-4030-BEEB-B6E343C809FE}.Release|x64.Build.0 = Release|x64
		{52BE3CDA-97E8-4030-BEEB-B6E343C809FE}.Release|x86.ActiveCfg = Release|x86
		{52BE3CDA-97E8-4030-BEEB-B6E343C809FE}.Release|x86.Build.0 = Release|x86
		{F9A5EDDF-E3D7-49CF-BC63-74C1532415B4}.Debug|Any CPU.ActiveCfg = Debug|Any CPU
		{F9A5EDDF-E3D7-49CF-BC63-74C1532415B4}.Debug|Any CPU.Build.0 = Debug|Any CPU
		{F9A5EDDF-E3D7-49CF-BC63-74C1532415B4}.Debug|ARM.ActiveCfg = Debug|ARM
		{F9A5EDDF-E3D7-49CF-BC63-74C1532415B4}.Debug|ARM.Build.0 = Debug|ARM
		{F9A5EDDF-E3D7-49CF-BC63-74C1532415B4}.Debug|x64.ActiveCfg = Debug|x64
		{F9A5EDDF-E3D7-49CF-BC63-74C1532415B4}.Debug|x64.Build.0 = Debug|x64
		{F9A5EDDF-E3D7-49CF-BC63-74C1532415B4}.Debug|x86.ActiveCfg = Debug|x86
		{F9A5EDDF-E3D7-49CF-BC63-74C1532415B4}.Debug|x86.Build.0 = Debug|x86
		{F9A5EDDF-E3D7-49CF-BC63-74C1532415B4}.Release|Any CPU.ActiveCfg = Release|Any CPU
		{F9A5EDDF-E3D7-49CF-BC63-74C1532415B4}.Release|Any CPU.Build.0 = Release|Any CPU
		{F9A5EDDF-E3D7-49CF-BC63-74C1532415B4}.Release|ARM.ActiveCfg = Release|ARM
		{F9A5EDDF-E3D7-49CF-BC63-74C1532415B4}.Release|ARM.Build.0 = Release|ARM
		{F9A5EDDF-E3D7-49CF-BC63-74C1532415B4}.Release|x64.ActiveCfg = Release|x64
		{F9A5EDDF-E3D7-49CF-BC63-74C1532415B4}.Release|x64.Build.0 = Release|x64
		{F9A5EDDF-E3D7-49CF-BC63-74C1532415B4}.Release|x86.ActiveCfg = Release|x86
		{F9A5EDDF-E3D7-49CF-BC63-74C1532415B4}.Release|x86.Build.0 = Release|x86
		{AA7779A0-33D8-45C0-B0FF-6A24E054CC3A}.Debug|Any CPU.ActiveCfg = Debug|Any CPU
		{AA7779A0-33D8-45C0-B0FF-6A24E054CC3A}.Debug|Any CPU.Build.0 = Debug|Any CPU
		{AA7779A0-33D8-45C0-B0FF-6A24E054CC3A}.Debug|ARM.ActiveCfg = Debug|ARM
		{AA7779A0-33D8-45C0-B0FF-6A24E054CC3A}.Debug|ARM.Build.0 = Debug|ARM
		{AA7779A0-33D8-45C0-B0FF-6A24E054CC3A}.Debug|x64.ActiveCfg = Debug|x64
		{AA7779A0-33D8-45C0-B0FF-6A24E054CC3A}.Debug|x64.Build.0 = Debug|x64
		{AA7779A0-33D8-45C0-B0FF-6A24E054CC3A}.Debug|x86.ActiveCfg = Debug|x86
		{AA7779A0-33D8-45C0-B0FF-6A24E054CC3A}.Debug|x86.Build.0 = Debug|x86
		{AA7779A0-33D8-45C0-B0FF-6A24E054CC3A}.Release|Any CPU.ActiveCfg = Release|Any CPU
		{AA7779A0-33D8-45C0-B0FF-6A24E054CC3A}.Release|Any CPU.Build.0 = Release|Any CPU
		{AA7779A0-33D8-45C0-B0FF-6A24E054CC3A}.Release|ARM.ActiveCfg = Release|ARM
		{AA7779A0-33D8-45C0-B0FF-6A24E054CC3A}.Release|ARM.Build.0 = Release|ARM
		{AA7779A0-33D8-45C0-B0FF-6A24E054CC3A}.Release|x64.ActiveCfg = Release|x64
		{AA7779A0-33D8-45C0-B0FF-6A24E054CC3A}.Release|x64.Build.0 = Release|x64
		{AA7779A0-33D8-45C0-B0FF-6A24E054CC3A}.Release|x86.ActiveCfg = Release|x86
		{AA7779A0-33D8-45C0-B0FF-6A24E054CC3A}.Release|x86.Build.0 = Release|x86
		{943F1C5A-9189-40AF-AAC4-3C3E0B45DA11}.Debug|Any CPU.ActiveCfg = Debug|Any CPU
		{943F1C5A-9189-40AF-AAC4-3C3E0B45DA11}.Debug|Any CPU.Build.0 = Debug|Any CPU
		{943F1C5A-9189-40AF-AAC4-3C3E0B45DA11}.Debug|ARM.ActiveCfg = Debug|ARM
		{943F1C5A-9189-40AF-AAC4-3C3E0B45DA11}.Debug|ARM.Build.0 = Debug|ARM
		{943F1C5A-9189-40AF-AAC4-3C3E0B45DA11}.Debug|x64.ActiveCfg = Debug|x64
		{943F1C5A-9189-40AF-AAC4-3C3E0B45DA11}.Debug|x64.Build.0 = Debug|x64
		{943F1C5A-9189-40AF-AAC4-3C3E0B45DA11}.Debug|x86.ActiveCfg = Debug|x86
		{943F1C5A-9189-40AF-AAC4-3C3E0B45DA11}.Debug|x86.Build.0 = Debug|x86
		{943F1C5A-9189-40AF-AAC4-3C3E0B45DA11}.Release|Any CPU.ActiveCfg = Release|Any CPU
		{943F1C5A-9189-40AF-AAC4-3C3E0B45DA11}.Release|Any CPU.Build.0 = Release|Any CPU
		{943F1C5A-9189-40AF-AAC4-3C3E0B45DA11}.Release|ARM.ActiveCfg = Release|ARM
		{943F1C5A-9189-40AF-AAC4-3C3E0B45DA11}.Release|ARM.Build.0 = Release|ARM
		{943F1C5A-9189-40AF-AAC4-3C3E0B45DA11}.Release|x64.ActiveCfg = Release|x64
		{943F1C5A-9189-40AF-AAC4-3C3E0B45DA11}.Release|x64.Build.0 = Release|x64
		{943F1C5A-9189-40AF-AAC4-3C3E0B45DA11}.Release|x86.ActiveCfg = Release|x86
		{943F1C5A-9189-40AF-AAC4-3C3E0B45DA11}.Release|x86.Build.0 = Release|x86
		{C7A83E53-4AB6-4F81-9B77-C1C6AC6F9E5A}.Debug|Any CPU.ActiveCfg = Debug|Any CPU
		{C7A83E53-4AB6-4F81-9B77-C1C6AC6F9E5A}.Debug|Any CPU.Build.0 = Debug|Any CPU
		{C7A83E53-4AB6-4F81-9B77-C1C6AC6F9E5A}.Debug|ARM.ActiveCfg = Debug|ARM
		{C7A83E53-4AB6-4F81-9B77-C1C6AC6F9E5A}.Debug|ARM.Build.0 = Debug|ARM
		{C7A83E53-4AB6-4F81-9B77-C1C6AC6F9E5A}.Debug|x64.ActiveCfg = Debug|x64
		{C7A83E53-4AB6-4F81-9B77-C1C6AC6F9E5A}.Debug|x64.Build.0 = Debug|x64
		{C7A83E53-4AB6-4F81-9B77-C1C6AC6F9E5A}.Debug|x86.ActiveCfg = Debug|x86
		{C7A83E53-4AB6-4F81-9B77-C1C6AC6F9E5A}.Debug|x86.Build.0 = Debug|x86
		{C7A83E53-4AB6-4F81-9B77-C1C6AC6F9E5A}.Release|Any CPU.ActiveCfg = Release|Any CPU
		{C7A83E53-4AB6-4F81-9B77-C1C6AC6F9E5A}.Release|Any CPU.Build.0 = Release|Any CPU
		{C7A83E53-4AB6-4F81-9B77-C1C6AC6F9E5A}.Release|ARM.ActiveCfg = Release|ARM
		{C7A83E53-4AB6-4F81-9B77-C1C6AC6F9E5A}.Release|ARM.Build.0 = Release|ARM
		{C7A83E53-4AB6-4F81-9B77-C1C6AC6F9E5A}.Release|x64.ActiveCfg = Release|x64
		{C7A83E53-4AB6-4F81-9B77-C1C6AC6F9E5A}.Release|x64.Build.0 = Release|x64
		{C7A83E53-4AB6-4F81-9B77-C1C6AC6F9E5A}.Release|x86.ActiveCfg = Release|x86
		{C7A83E53-4AB6-4F81-9B77-C1C6AC6F9E5A}.Release|x86.Build.0 = Release|x86
		{7DAA825E-C5FA-4DB8-8B6D-F388660A7223}.Debug|Any CPU.ActiveCfg = Debug|Any CPU
		{7DAA825E-C5FA-4DB8-8B6D-F388660A7223}.Debug|Any CPU.Build.0 = Debug|Any CPU
		{7DAA825E-C5FA-4DB8-8B6D-F388660A7223}.Debug|ARM.ActiveCfg = Debug|ARM
		{7DAA825E-C5FA-4DB8-8B6D-F388660A7223}.Debug|ARM.Build.0 = Debug|ARM
		{7DAA825E-C5FA-4DB8-8B6D-F388660A7223}.Debug|x64.ActiveCfg = Debug|x64
		{7DAA825E-C5FA-4DB8-8B6D-F388660A7223}.Debug|x64.Build.0 = Debug|x64
		{7DAA825E-C5FA-4DB8-8B6D-F388660A7223}.Debug|x86.ActiveCfg = Debug|x86
		{7DAA825E-C5FA-4DB8-8B6D-F388660A7223}.Debug|x86.Build.0 = Debug|x86
		{7DAA825E-C5FA-4DB8-8B6D-F388660A7223}.Release|Any CPU.ActiveCfg = Release|Any CPU
		{7DAA825E-C5FA-4DB8-8B6D-F388660A7223}.Release|Any CPU.Build.0 = Release|Any CPU
		{7DAA825E-C5FA-4DB8-8B6D-F388660A7223}.Release|ARM.ActiveCfg = Release|ARM
		{7DAA825E-C5FA-4DB8-8B6D-F388660A7223}.Release|ARM.Build.0 = Release|ARM
		{7DAA825E-C5FA-4DB8-8B6D-F388660A7223}.Release|x64.ActiveCfg = Release|x64
		{7DAA825E-C5FA-4DB8-8B6D-F388660A7223}.Release|x64.Build.0 = Release|x64
		{7DAA825E-C5FA-4DB8-8B6D-F388660A7223}.Release|x86.ActiveCfg = Release|x86
		{7DAA825E-C5FA-4DB8-8B6D-F388660A7223}.Release|x86.Build.0 = Release|x86
		{730EA5FC-918C-4D85-B5AC-96F92BBA174C}.Debug|Any CPU.ActiveCfg = Debug|Any CPU
		{730EA5FC-918C-4D85-B5AC-96F92BBA174C}.Debug|Any CPU.Build.0 = Debug|Any CPU
		{730EA5FC-918C-4D85-B5AC-96F92BBA174C}.Debug|ARM.ActiveCfg = Debug|ARM
		{730EA5FC-918C-4D85-B5AC-96F92BBA174C}.Debug|ARM.Build.0 = Debug|ARM
		{730EA5FC-918C-4D85-B5AC-96F92BBA174C}.Debug|x64.ActiveCfg = Debug|x64
		{730EA5FC-918C-4D85-B5AC-96F92BBA174C}.Debug|x64.Build.0 = Debug|x64
		{730EA5FC-918C-4D85-B5AC-96F92BBA174C}.Debug|x86.ActiveCfg = Debug|x86
		{730EA5FC-918C-4D85-B5AC-96F92BBA174C}.Debug|x86.Build.0 = Debug|x86
		{730EA5FC-918C-4D85-B5AC-96F92BBA174C}.Release|Any CPU.ActiveCfg = Release|Any CPU
		{730EA5FC-918C-4D85-B5AC-96F92BBA174C}.Release|Any CPU.Build.0 = Release|Any CPU
		{730EA5FC-918C-4D85-B5AC-96F92BBA174C}.Release|ARM.ActiveCfg = Release|ARM
		{730EA5FC-918C-4D85-B5AC-96F92BBA174C}.Release|ARM.Build.0 = Release|ARM
		{730EA5FC-918C-4D85-B5AC-96F92BBA174C}.Release|x64.ActiveCfg = Release|x64
		{730EA5FC-918C-4D85-B5AC-96F92BBA174C}.Release|x64.Build.0 = Release|x64
		{730EA5FC-918C-4D85-B5AC-96F92BBA174C}.Release|x86.ActiveCfg = Release|x86
		{730EA5FC-918C-4D85-B5AC-96F92BBA174C}.Release|x86.Build.0 = Release|x86
		{09DA2731-E192-4315-A99A-C3673578C5F1}.Debug|Any CPU.ActiveCfg = Debug|Any CPU
		{09DA2731-E192-4315-A99A-C3673578C5F1}.Debug|Any CPU.Build.0 = Debug|Any CPU
		{09DA2731-E192-4315-A99A-C3673578C5F1}.Debug|ARM.ActiveCfg = Debug|ARM
		{09DA2731-E192-4315-A99A-C3673578C5F1}.Debug|ARM.Build.0 = Debug|ARM
		{09DA2731-E192-4315-A99A-C3673578C5F1}.Debug|x64.ActiveCfg = Debug|x64
		{09DA2731-E192-4315-A99A-C3673578C5F1}.Debug|x64.Build.0 = Debug|x64
		{09DA2731-E192-4315-A99A-C3673578C5F1}.Debug|x86.ActiveCfg = Debug|x86
		{09DA2731-E192-4315-A99A-C3673578C5F1}.Debug|x86.Build.0 = Debug|x86
		{09DA2731-E192-4315-A99A-C3673578C5F1}.Release|Any CPU.ActiveCfg = Release|Any CPU
		{09DA2731-E192-4315-A99A-C3673578C5F1}.Release|Any CPU.Build.0 = Release|Any CPU
		{09DA2731-E192-4315-A99A-C3673578C5F1}.Release|ARM.ActiveCfg = Release|ARM
		{09DA2731-E192-4315-A99A-C3673578C5F1}.Release|ARM.Build.0 = Release|ARM
		{09DA2731-E192-4315-A99A-C3673578C5F1}.Release|x64.ActiveCfg = Release|x64
		{09DA2731-E192-4315-A99A-C3673578C5F1}.Release|x64.Build.0 = Release|x64
		{09DA2731-E192-4315-A99A-C3673578C5F1}.Release|x86.ActiveCfg = Release|x86
		{09DA2731-E192-4315-A99A-C3673578C5F1}.Release|x86.Build.0 = Release|x86
		{05E85605-BD0B-433F-B428-2A522845705F}.Debug|Any CPU.ActiveCfg = Debug|Any CPU
		{05E85605-BD0B-433F-B428-2A522845705F}.Debug|Any CPU.Build.0 = Debug|Any CPU
		{05E85605-BD0B-433F-B428-2A522845705F}.Debug|ARM.ActiveCfg = Debug|ARM
		{05E85605-BD0B-433F-B428-2A522845705F}.Debug|ARM.Build.0 = Debug|ARM
		{05E85605-BD0B-433F-B428-2A522845705F}.Debug|x64.ActiveCfg = Debug|x64
		{05E85605-BD0B-433F-B428-2A522845705F}.Debug|x64.Build.0 = Debug|x64
		{05E85605-BD0B-433F-B428-2A522845705F}.Debug|x86.ActiveCfg = Debug|x86
		{05E85605-BD0B-433F-B428-2A522845705F}.Debug|x86.Build.0 = Debug|x86
		{05E85605-BD0B-433F-B428-2A522845705F}.Release|Any CPU.ActiveCfg = Release|Any CPU
		{05E85605-BD0B-433F-B428-2A522845705F}.Release|Any CPU.Build.0 = Release|Any CPU
		{05E85605-BD0B-433F-B428-2A522845705F}.Release|ARM.ActiveCfg = Release|ARM
		{05E85605-BD0B-433F-B428-2A522845705F}.Release|ARM.Build.0 = Release|ARM
		{05E85605-BD0B-433F-B428-2A522845705F}.Release|x64.ActiveCfg = Release|x64
		{05E85605-BD0B-433F-B428-2A522845705F}.Release|x64.Build.0 = Release|x64
		{05E85605-BD0B-433F-B428-2A522845705F}.Release|x86.ActiveCfg = Release|x86
		{05E85605-BD0B-433F-B428-2A522845705F}.Release|x86.Build.0 = Release|x86
		{DBC04777-243F-4F5D-A25A-E9F7D9678ABB}.Debug|Any CPU.ActiveCfg = Debug|Any CPU
		{DBC04777-243F-4F5D-A25A-E9F7D9678ABB}.Debug|Any CPU.Build.0 = Debug|Any CPU
		{DBC04777-243F-4F5D-A25A-E9F7D9678ABB}.Debug|ARM.ActiveCfg = Debug|ARM
		{DBC04777-243F-4F5D-A25A-E9F7D9678ABB}.Debug|ARM.Build.0 = Debug|ARM
		{DBC04777-243F-4F5D-A25A-E9F7D9678ABB}.Debug|x64.ActiveCfg = Debug|x64
		{DBC04777-243F-4F5D-A25A-E9F7D9678ABB}.Debug|x64.Build.0 = Debug|x64
		{DBC04777-243F-4F5D-A25A-E9F7D9678ABB}.Debug|x86.ActiveCfg = Debug|x86
		{DBC04777-243F-4F5D-A25A-E9F7D9678ABB}.Debug|x86.Build.0 = Debug|x86
		{DBC04777-243F-4F5D-A25A-E9F7D9678ABB}.Release|Any CPU.ActiveCfg = Release|Any CPU
		{DBC04777-243F-4F5D-A25A-E9F7D9678ABB}.Release|Any CPU.Build.0 = Release|Any CPU
		{DBC04777-243F-4F5D-A25A-E9F7D9678ABB}.Release|ARM.ActiveCfg = Release|ARM
		{DBC04777-243F-4F5D-A25A-E9F7D9678ABB}.Release|ARM.Build.0 = Release|ARM
		{DBC04777-243F-4F5D-A25A-E9F7D9678ABB}.Release|x64.ActiveCfg = Release|x64
		{DBC04777-243F-4F5D-A25A-E9F7D9678ABB}.Release|x64.Build.0 = Release|x64
		{DBC04777-243F-4F5D-A25A-E9F7D9678ABB}.Release|x86.ActiveCfg = Release|x86
		{DBC04777-243F-4F5D-A25A-E9F7D9678ABB}.Release|x86.Build.0 = Release|x86
		{D5D14B58-C4BA-472A-8E8D-E73D4B6CE2E6}.Debug|Any CPU.ActiveCfg = Debug|Any CPU
		{D5D14B58-C4BA-472A-8E8D-E73D4B6CE2E6}.Debug|Any CPU.Build.0 = Debug|Any CPU
		{D5D14B58-C4BA-472A-8E8D-E73D4B6CE2E6}.Debug|ARM.ActiveCfg = Debug|ARM
		{D5D14B58-C4BA-472A-8E8D-E73D4B6CE2E6}.Debug|ARM.Build.0 = Debug|ARM
		{D5D14B58-C4BA-472A-8E8D-E73D4B6CE2E6}.Debug|x64.ActiveCfg = Debug|x64
		{D5D14B58-C4BA-472A-8E8D-E73D4B6CE2E6}.Debug|x64.Build.0 = Debug|x64
		{D5D14B58-C4BA-472A-8E8D-E73D4B6CE2E6}.Debug|x86.ActiveCfg = Debug|x86
		{D5D14B58-C4BA-472A-8E8D-E73D4B6CE2E6}.Debug|x86.Build.0 = Debug|x86
		{D5D14B58-C4BA-472A-8E8D-E73D4B6CE2E6}.Release|Any CPU.ActiveCfg = Release|Any CPU
		{D5D14B58-C4BA-472A-8E8D-E73D4B6CE2E6}.Release|Any CPU.Build.0 = Release|Any CPU
		{D5D14B58-C4BA-472A-8E8D-E73D4B6CE2E6}.Release|ARM.ActiveCfg = Release|ARM
		{D5D14B58-C4BA-472A-8E8D-E73D4B6CE2E6}.Release|ARM.Build.0 = Release|ARM
		{D5D14B58-C4BA-472A-8E8D-E73D4B6CE2E6}.Release|x64.ActiveCfg = Release|x64
		{D5D14B58-C4BA-472A-8E8D-E73D4B6CE2E6}.Release|x64.Build.0 = Release|x64
		{D5D14B58-C4BA-472A-8E8D-E73D4B6CE2E6}.Release|x86.ActiveCfg = Release|x86
		{D5D14B58-C4BA-472A-8E8D-E73D4B6CE2E6}.Release|x86.Build.0 = Release|x86
		{6F45220C-81D5-46CB-BB8F-B3E7FC1F744C}.Debug|Any CPU.ActiveCfg = Debug|Any CPU
		{6F45220C-81D5-46CB-BB8F-B3E7FC1F744C}.Debug|Any CPU.Build.0 = Debug|Any CPU
		{6F45220C-81D5-46CB-BB8F-B3E7FC1F744C}.Debug|ARM.ActiveCfg = Debug|ARM
		{6F45220C-81D5-46CB-BB8F-B3E7FC1F744C}.Debug|ARM.Build.0 = Debug|ARM
		{6F45220C-81D5-46CB-BB8F-B3E7FC1F744C}.Debug|x64.ActiveCfg = Debug|x64
		{6F45220C-81D5-46CB-BB8F-B3E7FC1F744C}.Debug|x64.Build.0 = Debug|x64
		{6F45220C-81D5-46CB-BB8F-B3E7FC1F744C}.Debug|x86.ActiveCfg = Debug|x86
		{6F45220C-81D5-46CB-BB8F-B3E7FC1F744C}.Debug|x86.Build.0 = Debug|x86
		{6F45220C-81D5-46CB-BB8F-B3E7FC1F744C}.Release|Any CPU.ActiveCfg = Release|Any CPU
		{6F45220C-81D5-46CB-BB8F-B3E7FC1F744C}.Release|Any CPU.Build.0 = Release|Any CPU
		{6F45220C-81D5-46CB-BB8F-B3E7FC1F744C}.Release|ARM.ActiveCfg = Release|ARM
		{6F45220C-81D5-46CB-BB8F-B3E7FC1F744C}.Release|ARM.Build.0 = Release|ARM
		{6F45220C-81D5-46CB-BB8F-B3E7FC1F744C}.Release|x64.ActiveCfg = Release|x64
		{6F45220C-81D5-46CB-BB8F-B3E7FC1F744C}.Release|x64.Build.0 = Release|x64
		{6F45220C-81D5-46CB-BB8F-B3E7FC1F744C}.Release|x86.ActiveCfg = Release|x86
		{6F45220C-81D5-46CB-BB8F-B3E7FC1F744C}.Release|x86.Build.0 = Release|x86
		{0CA2025D-F752-424F-8473-419E08DB0FFB}.Debug|Any CPU.ActiveCfg = Debug|Any CPU
		{0CA2025D-F752-424F-8473-419E08DB0FFB}.Debug|Any CPU.Build.0 = Debug|Any CPU
		{0CA2025D-F752-424F-8473-419E08DB0FFB}.Debug|ARM.ActiveCfg = Debug|ARM
		{0CA2025D-F752-424F-8473-419E08DB0FFB}.Debug|ARM.Build.0 = Debug|ARM
		{0CA2025D-F752-424F-8473-419E08DB0FFB}.Debug|x64.ActiveCfg = Debug|x64
		{0CA2025D-F752-424F-8473-419E08DB0FFB}.Debug|x64.Build.0 = Debug|x64
		{0CA2025D-F752-424F-8473-419E08DB0FFB}.Debug|x86.ActiveCfg = Debug|x86
		{0CA2025D-F752-424F-8473-419E08DB0FFB}.Debug|x86.Build.0 = Debug|x86
		{0CA2025D-F752-424F-8473-419E08DB0FFB}.Release|Any CPU.ActiveCfg = Release|Any CPU
		{0CA2025D-F752-424F-8473-419E08DB0FFB}.Release|Any CPU.Build.0 = Release|Any CPU
		{0CA2025D-F752-424F-8473-419E08DB0FFB}.Release|ARM.ActiveCfg = Release|ARM
		{0CA2025D-F752-424F-8473-419E08DB0FFB}.Release|ARM.Build.0 = Release|ARM
		{0CA2025D-F752-424F-8473-419E08DB0FFB}.Release|x64.ActiveCfg = Release|x64
		{0CA2025D-F752-424F-8473-419E08DB0FFB}.Release|x64.Build.0 = Release|x64
		{0CA2025D-F752-424F-8473-419E08DB0FFB}.Release|x86.ActiveCfg = Release|x86
		{0CA2025D-F752-424F-8473-419E08DB0FFB}.Release|x86.Build.0 = Release|x86
		{F522DEDC-84F8-4A61-B9AB-C753192018CC}.Debug|Any CPU.ActiveCfg = Debug|Any CPU
		{F522DEDC-84F8-4A61-B9AB-C753192018CC}.Debug|Any CPU.Build.0 = Debug|Any CPU
		{F522DEDC-84F8-4A61-B9AB-C753192018CC}.Debug|ARM.ActiveCfg = Debug|ARM
		{F522DEDC-84F8-4A61-B9AB-C753192018CC}.Debug|ARM.Build.0 = Debug|ARM
		{F522DEDC-84F8-4A61-B9AB-C753192018CC}.Debug|x64.ActiveCfg = Debug|x64
		{F522DEDC-84F8-4A61-B9AB-C753192018CC}.Debug|x64.Build.0 = Debug|x64
		{F522DEDC-84F8-4A61-B9AB-C753192018CC}.Debug|x86.ActiveCfg = Debug|x86
		{F522DEDC-84F8-4A61-B9AB-C753192018CC}.Debug|x86.Build.0 = Debug|x86
		{F522DEDC-84F8-4A61-B9AB-C753192018CC}.Release|Any CPU.ActiveCfg = Release|Any CPU
		{F522DEDC-84F8-4A61-B9AB-C753192018CC}.Release|Any CPU.Build.0 = Release|Any CPU
		{F522DEDC-84F8-4A61-B9AB-C753192018CC}.Release|ARM.ActiveCfg = Release|ARM
		{F522DEDC-84F8-4A61-B9AB-C753192018CC}.Release|ARM.Build.0 = Release|ARM
		{F522DEDC-84F8-4A61-B9AB-C753192018CC}.Release|x64.ActiveCfg = Release|x64
		{F522DEDC-84F8-4A61-B9AB-C753192018CC}.Release|x64.Build.0 = Release|x64
		{F522DEDC-84F8-4A61-B9AB-C753192018CC}.Release|x86.ActiveCfg = Release|x86
		{F522DEDC-84F8-4A61-B9AB-C753192018CC}.Release|x86.Build.0 = Release|x86
		{833D4C2C-9C8E-407D-BE7A-89FA7CE521D8}.Debug|Any CPU.ActiveCfg = Debug|Any CPU
		{833D4C2C-9C8E-407D-BE7A-89FA7CE521D8}.Debug|Any CPU.Build.0 = Debug|Any CPU
		{833D4C2C-9C8E-407D-BE7A-89FA7CE521D8}.Debug|ARM.ActiveCfg = Debug|ARM
		{833D4C2C-9C8E-407D-BE7A-89FA7CE521D8}.Debug|ARM.Build.0 = Debug|ARM
		{833D4C2C-9C8E-407D-BE7A-89FA7CE521D8}.Debug|x64.ActiveCfg = Debug|x64
		{833D4C2C-9C8E-407D-BE7A-89FA7CE521D8}.Debug|x64.Build.0 = Debug|x64
		{833D4C2C-9C8E-407D-BE7A-89FA7CE521D8}.Debug|x86.ActiveCfg = Debug|x86
		{833D4C2C-9C8E-407D-BE7A-89FA7CE521D8}.Debug|x86.Build.0 = Debug|x86
		{833D4C2C-9C8E-407D-BE7A-89FA7CE521D8}.Release|Any CPU.ActiveCfg = Release|Any CPU
		{833D4C2C-9C8E-407D-BE7A-89FA7CE521D8}.Release|Any CPU.Build.0 = Release|Any CPU
		{833D4C2C-9C8E-407D-BE7A-89FA7CE521D8}.Release|ARM.ActiveCfg = Release|ARM
		{833D4C2C-9C8E-407D-BE7A-89FA7CE521D8}.Release|ARM.Build.0 = Release|ARM
		{833D4C2C-9C8E-407D-BE7A-89FA7CE521D8}.Release|x64.ActiveCfg = Release|x64
		{833D4C2C-9C8E-407D-BE7A-89FA7CE521D8}.Release|x64.Build.0 = Release|x64
		{833D4C2C-9C8E-407D-BE7A-89FA7CE521D8}.Release|x86.ActiveCfg = Release|x86
		{833D4C2C-9C8E-407D-BE7A-89FA7CE521D8}.Release|x86.Build.0 = Release|x86
		{FBCC9A88-5119-46DA-B730-CFBDA07F7971}.Debug|Any CPU.ActiveCfg = Debug|Any CPU
		{FBCC9A88-5119-46DA-B730-CFBDA07F7971}.Debug|Any CPU.Build.0 = Debug|Any CPU
		{FBCC9A88-5119-46DA-B730-CFBDA07F7971}.Debug|ARM.ActiveCfg = Debug|ARM
		{FBCC9A88-5119-46DA-B730-CFBDA07F7971}.Debug|ARM.Build.0 = Debug|ARM
		{FBCC9A88-5119-46DA-B730-CFBDA07F7971}.Debug|x64.ActiveCfg = Debug|x64
		{FBCC9A88-5119-46DA-B730-CFBDA07F7971}.Debug|x64.Build.0 = Debug|x64
		{FBCC9A88-5119-46DA-B730-CFBDA07F7971}.Debug|x86.ActiveCfg = Debug|x86
		{FBCC9A88-5119-46DA-B730-CFBDA07F7971}.Debug|x86.Build.0 = Debug|x86
		{FBCC9A88-5119-46DA-B730-CFBDA07F7971}.Release|Any CPU.ActiveCfg = Release|Any CPU
		{FBCC9A88-5119-46DA-B730-CFBDA07F7971}.Release|Any CPU.Build.0 = Release|Any CPU
		{FBCC9A88-5119-46DA-B730-CFBDA07F7971}.Release|ARM.ActiveCfg = Release|ARM
		{FBCC9A88-5119-46DA-B730-CFBDA07F7971}.Release|ARM.Build.0 = Release|ARM
		{FBCC9A88-5119-46DA-B730-CFBDA07F7971}.Release|x64.ActiveCfg = Release|x64
		{FBCC9A88-5119-46DA-B730-CFBDA07F7971}.Release|x64.Build.0 = Release|x64
		{FBCC9A88-5119-46DA-B730-CFBDA07F7971}.Release|x86.ActiveCfg = Release|x86
		{FBCC9A88-5119-46DA-B730-CFBDA07F7971}.Release|x86.Build.0 = Release|x86
		{D2BCE0E0-455D-4F46-A771-3507FB8813E1}.Debug|Any CPU.ActiveCfg = Debug|Any CPU
		{D2BCE0E0-455D-4F46-A771-3507FB8813E1}.Debug|Any CPU.Build.0 = Debug|Any CPU
		{D2BCE0E0-455D-4F46-A771-3507FB8813E1}.Debug|ARM.ActiveCfg = Debug|ARM
		{D2BCE0E0-455D-4F46-A771-3507FB8813E1}.Debug|ARM.Build.0 = Debug|ARM
		{D2BCE0E0-455D-4F46-A771-3507FB8813E1}.Debug|x64.ActiveCfg = Debug|x64
		{D2BCE0E0-455D-4F46-A771-3507FB8813E1}.Debug|x64.Build.0 = Debug|x64
		{D2BCE0E0-455D-4F46-A771-3507FB8813E1}.Debug|x86.ActiveCfg = Debug|x86
		{D2BCE0E0-455D-4F46-A771-3507FB8813E1}.Debug|x86.Build.0 = Debug|x86
		{D2BCE0E0-455D-4F46-A771-3507FB8813E1}.Release|Any CPU.ActiveCfg = Release|Any CPU
		{D2BCE0E0-455D-4F46-A771-3507FB8813E1}.Release|Any CPU.Build.0 = Release|Any CPU
		{D2BCE0E0-455D-4F46-A771-3507FB8813E1}.Release|ARM.ActiveCfg = Release|ARM
		{D2BCE0E0-455D-4F46-A771-3507FB8813E1}.Release|ARM.Build.0 = Release|ARM
		{D2BCE0E0-455D-4F46-A771-3507FB8813E1}.Release|x64.ActiveCfg = Release|x64
		{D2BCE0E0-455D-4F46-A771-3507FB8813E1}.Release|x64.Build.0 = Release|x64
		{D2BCE0E0-455D-4F46-A771-3507FB8813E1}.Release|x86.ActiveCfg = Release|x86
		{D2BCE0E0-455D-4F46-A771-3507FB8813E1}.Release|x86.Build.0 = Release|x86
	EndGlobalSection
	GlobalSection(SolutionProperties) = preSolution
		HideSolutionNode = FALSE
	EndGlobalSection
	GlobalSection(NestedProjects) = preSolution
		{9A36EC19-ABDF-487A-9616-D42B841F40BB} = {F11BBEBD-881B-489D-87DE-1A8BA12CA235}
		{0B72A614-5927-4DB8-8B88-2C67F882E0F6} = {1D503FB4-3E5C-4731-9007-4B0CF64FB913}
		{1FC40AA3-C4C3-431C-98F4-7DE7ECB76B93} = {F11BBEBD-881B-489D-87DE-1A8BA12CA235}
		{7DEAC086-8971-4BB8-96CB-F9FD45EB8ADF} = {F11BBEBD-881B-489D-87DE-1A8BA12CA235}
		{82F24F17-2FAE-4A54-B128-CE47D939C7F1} = {F11BBEBD-881B-489D-87DE-1A8BA12CA235}
		{7E28C975-1DD6-4668-91E7-667EBB1A6355} = {F11BBEBD-881B-489D-87DE-1A8BA12CA235}
		{BEF15C7F-6222-453C-B233-8B12921E3C6A} = {9A82DD57-CBBE-49D1-AB4A-915755BD6EAF}
		{96BFA0BF-65BE-4C2F-A149-81132DAF483A} = {9A82DD57-CBBE-49D1-AB4A-915755BD6EAF}
		{7382BF81-C0D0-4661-8CD2-23EEFE8F1E5E} = {1D503FB4-3E5C-4731-9007-4B0CF64FB913}
		{4427EAD7-0561-44C0-9294-2F4CDE6CC9DE} = {0B78EC19-A66B-4F24-8231-A824EAC50D33}
		{DD362B5A-7603-4480-8D5E-8A003DAFB614} = {9366C060-0A2D-4A92-94D3-E55F4F1EEAF2}
		{9F029EF8-63FA-43B0-96EB-98E17E8FCD56} = {9366C060-0A2D-4A92-94D3-E55F4F1EEAF2}
		{C3F9989C-B690-47B5-8671-CB232AB62C97} = {9366C060-0A2D-4A92-94D3-E55F4F1EEAF2}
		{E163DEF5-A267-431E-A25F-F51B06B59342} = {1379D9AD-06BD-4D2E-B2BE-D155AC5D6D35}
		{754FA46F-220D-44F9-B3E6-FB56D6F2561F} = {1379D9AD-06BD-4D2E-B2BE-D155AC5D6D35}
		{52BE3CDA-97E8-4030-BEEB-B6E343C809FE} = {754FA46F-220D-44F9-B3E6-FB56D6F2561F}
		{F9A5EDDF-E3D7-49CF-BC63-74C1532415B4} = {754FA46F-220D-44F9-B3E6-FB56D6F2561F}
		{FC534E9F-645B-4208-A4C3-751FEB6223A9} = {1379D9AD-06BD-4D2E-B2BE-D155AC5D6D35}
		{AA7779A0-33D8-45C0-B0FF-6A24E054CC3A} = {FC534E9F-645B-4208-A4C3-751FEB6223A9}
		{943F1C5A-9189-40AF-AAC4-3C3E0B45DA11} = {F11BBEBD-881B-489D-87DE-1A8BA12CA235}
		{C7A83E53-4AB6-4F81-9B77-C1C6AC6F9E5A} = {9366C060-0A2D-4A92-94D3-E55F4F1EEAF2}
		{DB9EAFEB-2DE7-480E-845C-9DCFFF31C009} = {1379D9AD-06BD-4D2E-B2BE-D155AC5D6D35}
		{7DAA825E-C5FA-4DB8-8B6D-F388660A7223} = {DB9EAFEB-2DE7-480E-845C-9DCFFF31C009}
		{730EA5FC-918C-4D85-B5AC-96F92BBA174C} = {F11BBEBD-881B-489D-87DE-1A8BA12CA235}
		{3D6FA182-420F-46A5-84E7-F169A9C34FA1} = {5DDFBED2-826B-4B06-8A20-DF0E5FB021B5}
		{09DA2731-E192-4315-A99A-C3673578C5F1} = {3D6FA182-420F-46A5-84E7-F169A9C34FA1}
		{05E85605-BD0B-433F-B428-2A522845705F} = {3D6FA182-420F-46A5-84E7-F169A9C34FA1}
		{DBC04777-243F-4F5D-A25A-E9F7D9678ABB} = {E163DEF5-A267-431E-A25F-F51B06B59342}
		{D5D14B58-C4BA-472A-8E8D-E73D4B6CE2E6} = {F11BBEBD-881B-489D-87DE-1A8BA12CA235}
		{6F45220C-81D5-46CB-BB8F-B3E7FC1F744C} = {0B78EC19-A66B-4F24-8231-A824EAC50D33}
		{0CA2025D-F752-424F-8473-419E08DB0FFB} = {D681361B-0684-4A45-9AB0-77C0B709AC5D}
		{F522DEDC-84F8-4A61-B9AB-C753192018CC} = {D681361B-0684-4A45-9AB0-77C0B709AC5D}
		{833D4C2C-9C8E-407D-BE7A-89FA7CE521D8} = {B7ED9F26-CCEC-42AE-9ED9-AF6BCA0178C4}
		{FBCC9A88-5119-46DA-B730-CFBDA07F7971} = {B7ED9F26-CCEC-42AE-9ED9-AF6BCA0178C4}
		{D2BCE0E0-455D-4F46-A771-3507FB8813E1} = {3D6FA182-420F-46A5-84E7-F169A9C34FA1}
	EndGlobalSection
	GlobalSection(ExtensibilityGlobals) = postSolution
		SolutionGuid = {5B6C50B4-C80A-427B-A814-47368F758003}
	EndGlobalSection
EndGlobal
