
Microsoft Visual Studio Solution File, Format Version 12.00
# Visual Studio 15
VisualStudioVersion = 15.0.26430.13
MinimumVisualStudioVersion = 10.0.40219.1
Project("{FAE04EC0-301F-11D3-BF4B-00C04F79EFBC}") = "Filtering", "Filtering\Filtering.csproj", "{9A36EC19-ABDF-487A-9616-D42B841F40BB}"
EndProject
Project("{FAE04EC0-301F-11D3-BF4B-00C04F79EFBC}") = "InMemoryStorageInterfaces", "InMemoryStorage\InMemoryStorageInterfaces.csproj", "{0B72A614-5927-4DB8-8B88-2C67F882E0F6}"
EndProject
Project("{FAE04EC0-301F-11D3-BF4B-00C04F79EFBC}") = "Validation", "Validation\Validation.csproj", "{1FC40AA3-C4C3-431C-98F4-7DE7ECB76B93}"
EndProject
Project("{FAE04EC0-301F-11D3-BF4B-00C04F79EFBC}") = "Persistency", "Persistency\Persistency.csproj", "{DBAB9016-24BD-4A0A-A8C8-19459D3EEA9C}"
EndProject
Project("{FAE04EC0-301F-11D3-BF4B-00C04F79EFBC}") = "ModelClass", "ModelClass\ModelClass.csproj", "{79D94E05-444D-4100-8A91-265EBBF65201}"
EndProject
Project("{FAE04EC0-301F-11D3-BF4B-00C04F79EFBC}") = "Images", "Images\Images.csproj", "{7DEAC086-8971-4BB8-96CB-F9FD45EB8ADF}"
EndProject
Project("{FAE04EC0-301F-11D3-BF4B-00C04F79EFBC}") = "Security", "Security\Security.csproj", "{82F24F17-2FAE-4A54-B128-CE47D939C7F1}"
EndProject
Project("{FAE04EC0-301F-11D3-BF4B-00C04F79EFBC}") = "ModelCollection", "ModelCollection\ModelCollection.csproj", "{1EE29420-7493-4AE3-9A7A-E8B366C9B115}"
EndProject
Project("{FAE04EC0-301F-11D3-BF4B-00C04F79EFBC}") = "UI", "UI\UI.csproj", "{7E28C975-1DD6-4668-91E7-667EBB1A6355}"
EndProject
Project("{FAE04EC0-301F-11D3-BF4B-00C04F79EFBC}") = "ViewModelInterfaces", "ViewModelInterfaces\ViewModelInterfaces.csproj", "{BEF15C7F-6222-453C-B233-8B12921E3C6A}"
EndProject
Project("{FAE04EC0-301F-11D3-BF4B-00C04F79EFBC}") = "Controller", "Controller\Controller.csproj", "{69CD2F21-BC37-4417-8D1A-F6DC5E91C4C9}"
EndProject
Project("{FAE04EC0-301F-11D3-BF4B-00C04F79EFBC}") = "ViewModelImplementation", "ViewModelImplementation\ViewModelImplementation.csproj", "{96BFA0BF-65BE-4C2F-A149-81132DAF483A}"
EndProject
Project("{FAE04EC0-301F-11D3-BF4B-00C04F79EFBC}") = "ViewControlState", "ViewControlState\ViewControlState.csproj", "{84CED7B1-7AF1-4B40-9BD8-134F0E3071EC}"
EndProject
Project("{FAE04EC0-301F-11D3-BF4B-00C04F79EFBC}") = "ViewActionState", "ViewActionState\ViewActionState.csproj", "{52D9EFF4-5F91-43D5-8DE7-B908574E34EF}"
EndProject
Project("{FAE04EC0-301F-11D3-BF4B-00C04F79EFBC}") = "InMemoryStorageImplementation", "InMemoryStorageImplementation\InMemoryStorageImplementation.csproj", "{7382BF81-C0D0-4661-8CD2-23EEFE8F1E5E}"
EndProject
Project("{FAE04EC0-301F-11D3-BF4B-00C04F79EFBC}") = "FileJSON", "FilePersistency\FileJSON.csproj", "{4427EAD7-0561-44C0-9294-2F4CDE6CC9DE}"
EndProject
Project("{FAE04EC0-301F-11D3-BF4B-00C04F79EFBC}") = "ExtensionsModel", "ExtensionsModel\ExtensionsModel.csproj", "{DD362B5A-7603-4480-8D5E-8A003DAFB614}"
EndProject
Project("{FAE04EC0-301F-11D3-BF4B-00C04F79EFBC}") = "ExtensionsViewModel", "ExtensionsViewModel\ExtensionsViewModel.csproj", "{9F029EF8-63FA-43B0-96EB-98E17E8FCD56}"
EndProject
Project("{2150E333-8FDC-42A3-9474-1A3956D46DE8}") = "Services", "Services", "{F11BBEBD-881B-489D-87DE-1A8BA12CA235}"
EndProject
Project("{2150E333-8FDC-42A3-9474-1A3956D46DE8}") = "Extensions", "Extensions", "{9366C060-0A2D-4A92-94D3-E55F4F1EEAF2}"
EndProject
Project("{2150E333-8FDC-42A3-9474-1A3956D46DE8}") = "Model", "Model", "{B7ED9F26-CCEC-42AE-9ED9-AF6BCA0178C4}"
EndProject
Project("{2150E333-8FDC-42A3-9474-1A3956D46DE8}") = "ViewModel", "ViewModel", "{9A82DD57-CBBE-49D1-AB4A-915755BD6EAF}"
EndProject
Project("{FAE04EC0-301F-11D3-BF4B-00C04F79EFBC}") = "ExtensionsServices", "ExtensionsServices\ExtensionsServices.csproj", "{C3F9989C-B690-47B5-8671-CB232AB62C97}"
EndProject
Project("{2150E333-8FDC-42A3-9474-1A3956D46DE8}") = "DataSources", "DataSources", "{0B78EC19-A66B-4F24-8231-A824EAC50D33}"
EndProject
Project("{FAE04EC0-301F-11D3-BF4B-00C04F79EFBC}") = "Commands", "Commands\Commands.csproj", "{F53F598E-ADE5-47AE-A94A-64C6BDA7D565}"
EndProject
Global
	GlobalSection(SolutionConfigurationPlatforms) = preSolution
		Debug|Any CPU = Debug|Any CPU
		Debug|ARM = Debug|ARM
		Debug|x64 = Debug|x64
		Debug|x86 = Debug|x86
		Release|Any CPU = Release|Any CPU
		Release|ARM = Release|ARM
		Release|x64 = Release|x64
		Release|x86 = Release|x86
	EndGlobalSection
	GlobalSection(ProjectConfigurationPlatforms) = postSolution
		{9A36EC19-ABDF-487A-9616-D42B841F40BB}.Debug|Any CPU.ActiveCfg = Debug|Any CPU
		{9A36EC19-ABDF-487A-9616-D42B841F40BB}.Debug|Any CPU.Build.0 = Debug|Any CPU
		{9A36EC19-ABDF-487A-9616-D42B841F40BB}.Debug|ARM.ActiveCfg = Debug|ARM
		{9A36EC19-ABDF-487A-9616-D42B841F40BB}.Debug|ARM.Build.0 = Debug|ARM
		{9A36EC19-ABDF-487A-9616-D42B841F40BB}.Debug|x64.ActiveCfg = Debug|x64
		{9A36EC19-ABDF-487A-9616-D42B841F40BB}.Debug|x64.Build.0 = Debug|x64
		{9A36EC19-ABDF-487A-9616-D42B841F40BB}.Debug|x86.ActiveCfg = Debug|x86
		{9A36EC19-ABDF-487A-9616-D42B841F40BB}.Debug|x86.Build.0 = Debug|x86
		{9A36EC19-ABDF-487A-9616-D42B841F40BB}.Release|Any CPU.ActiveCfg = Release|Any CPU
		{9A36EC19-ABDF-487A-9616-D42B841F40BB}.Release|Any CPU.Build.0 = Release|Any CPU
		{9A36EC19-ABDF-487A-9616-D42B841F40BB}.Release|ARM.ActiveCfg = Release|ARM
		{9A36EC19-ABDF-487A-9616-D42B841F40BB}.Release|ARM.Build.0 = Release|ARM
		{9A36EC19-ABDF-487A-9616-D42B841F40BB}.Release|x64.ActiveCfg = Release|x64
		{9A36EC19-ABDF-487A-9616-D42B841F40BB}.Release|x64.Build.0 = Release|x64
		{9A36EC19-ABDF-487A-9616-D42B841F40BB}.Release|x86.ActiveCfg = Release|x86
		{9A36EC19-ABDF-487A-9616-D42B841F40BB}.Release|x86.Build.0 = Release|x86
		{0B72A614-5927-4DB8-8B88-2C67F882E0F6}.Debug|Any CPU.ActiveCfg = Debug|Any CPU
		{0B72A614-5927-4DB8-8B88-2C67F882E0F6}.Debug|Any CPU.Build.0 = Debug|Any CPU
		{0B72A614-5927-4DB8-8B88-2C67F882E0F6}.Debug|ARM.ActiveCfg = Debug|ARM
		{0B72A614-5927-4DB8-8B88-2C67F882E0F6}.Debug|ARM.Build.0 = Debug|ARM
		{0B72A614-5927-4DB8-8B88-2C67F882E0F6}.Debug|x64.ActiveCfg = Debug|x64
		{0B72A614-5927-4DB8-8B88-2C67F882E0F6}.Debug|x64.Build.0 = Debug|x64
		{0B72A614-5927-4DB8-8B88-2C67F882E0F6}.Debug|x86.ActiveCfg = Debug|x86
		{0B72A614-5927-4DB8-8B88-2C67F882E0F6}.Debug|x86.Build.0 = Debug|x86
		{0B72A614-5927-4DB8-8B88-2C67F882E0F6}.Release|Any CPU.ActiveCfg = Release|Any CPU
		{0B72A614-5927-4DB8-8B88-2C67F882E0F6}.Release|Any CPU.Build.0 = Release|Any CPU
		{0B72A614-5927-4DB8-8B88-2C67F882E0F6}.Release|ARM.ActiveCfg = Release|ARM
		{0B72A614-5927-4DB8-8B88-2C67F882E0F6}.Release|ARM.Build.0 = Release|ARM
		{0B72A614-5927-4DB8-8B88-2C67F882E0F6}.Release|x64.ActiveCfg = Release|x64
		{0B72A614-5927-4DB8-8B88-2C67F882E0F6}.Release|x64.Build.0 = Release|x64
		{0B72A614-5927-4DB8-8B88-2C67F882E0F6}.Release|x86.ActiveCfg = Release|x86
		{0B72A614-5927-4DB8-8B88-2C67F882E0F6}.Release|x86.Build.0 = Release|x86
		{1FC40AA3-C4C3-431C-98F4-7DE7ECB76B93}.Debug|Any CPU.ActiveCfg = Debug|Any CPU
		{1FC40AA3-C4C3-431C-98F4-7DE7ECB76B93}.Debug|Any CPU.Build.0 = Debug|Any CPU
		{1FC40AA3-C4C3-431C-98F4-7DE7ECB76B93}.Debug|ARM.ActiveCfg = Debug|ARM
		{1FC40AA3-C4C3-431C-98F4-7DE7ECB76B93}.Debug|ARM.Build.0 = Debug|ARM
		{1FC40AA3-C4C3-431C-98F4-7DE7ECB76B93}.Debug|x64.ActiveCfg = Debug|x64
		{1FC40AA3-C4C3-431C-98F4-7DE7ECB76B93}.Debug|x64.Build.0 = Debug|x64
		{1FC40AA3-C4C3-431C-98F4-7DE7ECB76B93}.Debug|x86.ActiveCfg = Debug|x86
		{1FC40AA3-C4C3-431C-98F4-7DE7ECB76B93}.Debug|x86.Build.0 = Debug|x86
		{1FC40AA3-C4C3-431C-98F4-7DE7ECB76B93}.Release|Any CPU.ActiveCfg = Release|Any CPU
		{1FC40AA3-C4C3-431C-98F4-7DE7ECB76B93}.Release|Any CPU.Build.0 = Release|Any CPU
		{1FC40AA3-C4C3-431C-98F4-7DE7ECB76B93}.Release|ARM.ActiveCfg = Release|ARM
		{1FC40AA3-C4C3-431C-98F4-7DE7ECB76B93}.Release|ARM.Build.0 = Release|ARM
		{1FC40AA3-C4C3-431C-98F4-7DE7ECB76B93}.Release|x64.ActiveCfg = Release|x64
		{1FC40AA3-C4C3-431C-98F4-7DE7ECB76B93}.Release|x64.Build.0 = Release|x64
		{1FC40AA3-C4C3-431C-98F4-7DE7ECB76B93}.Release|x86.ActiveCfg = Release|x86
		{1FC40AA3-C4C3-431C-98F4-7DE7ECB76B93}.Release|x86.Build.0 = Release|x86
		{DBAB9016-24BD-4A0A-A8C8-19459D3EEA9C}.Debug|Any CPU.ActiveCfg = Debug|Any CPU
		{DBAB9016-24BD-4A0A-A8C8-19459D3EEA9C}.Debug|Any CPU.Build.0 = Debug|Any CPU
		{DBAB9016-24BD-4A0A-A8C8-19459D3EEA9C}.Debug|ARM.ActiveCfg = Debug|ARM
		{DBAB9016-24BD-4A0A-A8C8-19459D3EEA9C}.Debug|ARM.Build.0 = Debug|ARM
		{DBAB9016-24BD-4A0A-A8C8-19459D3EEA9C}.Debug|x64.ActiveCfg = Debug|x64
		{DBAB9016-24BD-4A0A-A8C8-19459D3EEA9C}.Debug|x64.Build.0 = Debug|x64
		{DBAB9016-24BD-4A0A-A8C8-19459D3EEA9C}.Debug|x86.ActiveCfg = Debug|x86
		{DBAB9016-24BD-4A0A-A8C8-19459D3EEA9C}.Debug|x86.Build.0 = Debug|x86
		{DBAB9016-24BD-4A0A-A8C8-19459D3EEA9C}.Release|Any CPU.ActiveCfg = Release|Any CPU
		{DBAB9016-24BD-4A0A-A8C8-19459D3EEA9C}.Release|Any CPU.Build.0 = Release|Any CPU
		{DBAB9016-24BD-4A0A-A8C8-19459D3EEA9C}.Release|ARM.ActiveCfg = Release|ARM
		{DBAB9016-24BD-4A0A-A8C8-19459D3EEA9C}.Release|ARM.Build.0 = Release|ARM
		{DBAB9016-24BD-4A0A-A8C8-19459D3EEA9C}.Release|x64.ActiveCfg = Release|x64
		{DBAB9016-24BD-4A0A-A8C8-19459D3EEA9C}.Release|x64.Build.0 = Release|x64
		{DBAB9016-24BD-4A0A-A8C8-19459D3EEA9C}.Release|x86.ActiveCfg = Release|x86
		{DBAB9016-24BD-4A0A-A8C8-19459D3EEA9C}.Release|x86.Build.0 = Release|x86
		{79D94E05-444D-4100-8A91-265EBBF65201}.Debug|Any CPU.ActiveCfg = Debug|Any CPU
		{79D94E05-444D-4100-8A91-265EBBF65201}.Debug|Any CPU.Build.0 = Debug|Any CPU
		{79D94E05-444D-4100-8A91-265EBBF65201}.Debug|ARM.ActiveCfg = Debug|ARM
		{79D94E05-444D-4100-8A91-265EBBF65201}.Debug|ARM.Build.0 = Debug|ARM
		{79D94E05-444D-4100-8A91-265EBBF65201}.Debug|x64.ActiveCfg = Debug|x64
		{79D94E05-444D-4100-8A91-265EBBF65201}.Debug|x64.Build.0 = Debug|x64
		{79D94E05-444D-4100-8A91-265EBBF65201}.Debug|x86.ActiveCfg = Debug|x86
		{79D94E05-444D-4100-8A91-265EBBF65201}.Debug|x86.Build.0 = Debug|x86
		{79D94E05-444D-4100-8A91-265EBBF65201}.Release|Any CPU.ActiveCfg = Release|Any CPU
		{79D94E05-444D-4100-8A91-265EBBF65201}.Release|Any CPU.Build.0 = Release|Any CPU
		{79D94E05-444D-4100-8A91-265EBBF65201}.Release|ARM.ActiveCfg = Release|ARM
		{79D94E05-444D-4100-8A91-265EBBF65201}.Release|ARM.Build.0 = Release|ARM
		{79D94E05-444D-4100-8A91-265EBBF65201}.Release|x64.ActiveCfg = Release|x64
		{79D94E05-444D-4100-8A91-265EBBF65201}.Release|x64.Build.0 = Release|x64
		{79D94E05-444D-4100-8A91-265EBBF65201}.Release|x86.ActiveCfg = Release|x86
		{79D94E05-444D-4100-8A91-265EBBF65201}.Release|x86.Build.0 = Release|x86
		{7DEAC086-8971-4BB8-96CB-F9FD45EB8ADF}.Debug|Any CPU.ActiveCfg = Debug|Any CPU
		{7DEAC086-8971-4BB8-96CB-F9FD45EB8ADF}.Debug|Any CPU.Build.0 = Debug|Any CPU
		{7DEAC086-8971-4BB8-96CB-F9FD45EB8ADF}.Debug|ARM.ActiveCfg = Debug|ARM
		{7DEAC086-8971-4BB8-96CB-F9FD45EB8ADF}.Debug|ARM.Build.0 = Debug|ARM
		{7DEAC086-8971-4BB8-96CB-F9FD45EB8ADF}.Debug|x64.ActiveCfg = Debug|x64
		{7DEAC086-8971-4BB8-96CB-F9FD45EB8ADF}.Debug|x64.Build.0 = Debug|x64
		{7DEAC086-8971-4BB8-96CB-F9FD45EB8ADF}.Debug|x86.ActiveCfg = Debug|x86
		{7DEAC086-8971-4BB8-96CB-F9FD45EB8ADF}.Debug|x86.Build.0 = Debug|x86
		{7DEAC086-8971-4BB8-96CB-F9FD45EB8ADF}.Release|Any CPU.ActiveCfg = Release|Any CPU
		{7DEAC086-8971-4BB8-96CB-F9FD45EB8ADF}.Release|Any CPU.Build.0 = Release|Any CPU
		{7DEAC086-8971-4BB8-96CB-F9FD45EB8ADF}.Release|ARM.ActiveCfg = Release|ARM
		{7DEAC086-8971-4BB8-96CB-F9FD45EB8ADF}.Release|ARM.Build.0 = Release|ARM
		{7DEAC086-8971-4BB8-96CB-F9FD45EB8ADF}.Release|x64.ActiveCfg = Release|x64
		{7DEAC086-8971-4BB8-96CB-F9FD45EB8ADF}.Release|x64.Build.0 = Release|x64
		{7DEAC086-8971-4BB8-96CB-F9FD45EB8ADF}.Release|x86.ActiveCfg = Release|x86
		{7DEAC086-8971-4BB8-96CB-F9FD45EB8ADF}.Release|x86.Build.0 = Release|x86
		{82F24F17-2FAE-4A54-B128-CE47D939C7F1}.Debug|Any CPU.ActiveCfg = Debug|Any CPU
		{82F24F17-2FAE-4A54-B128-CE47D939C7F1}.Debug|Any CPU.Build.0 = Debug|Any CPU
		{82F24F17-2FAE-4A54-B128-CE47D939C7F1}.Debug|ARM.ActiveCfg = Debug|ARM
		{82F24F17-2FAE-4A54-B128-CE47D939C7F1}.Debug|ARM.Build.0 = Debug|ARM
		{82F24F17-2FAE-4A54-B128-CE47D939C7F1}.Debug|x64.ActiveCfg = Debug|x64
		{82F24F17-2FAE-4A54-B128-CE47D939C7F1}.Debug|x64.Build.0 = Debug|x64
		{82F24F17-2FAE-4A54-B128-CE47D939C7F1}.Debug|x86.ActiveCfg = Debug|x86
		{82F24F17-2FAE-4A54-B128-CE47D939C7F1}.Debug|x86.Build.0 = Debug|x86
		{82F24F17-2FAE-4A54-B128-CE47D939C7F1}.Release|Any CPU.ActiveCfg = Release|Any CPU
		{82F24F17-2FAE-4A54-B128-CE47D939C7F1}.Release|Any CPU.Build.0 = Release|Any CPU
		{82F24F17-2FAE-4A54-B128-CE47D939C7F1}.Release|ARM.ActiveCfg = Release|ARM
		{82F24F17-2FAE-4A54-B128-CE47D939C7F1}.Release|ARM.Build.0 = Release|ARM
		{82F24F17-2FAE-4A54-B128-CE47D939C7F1}.Release|x64.ActiveCfg = Release|x64
		{82F24F17-2FAE-4A54-B128-CE47D939C7F1}.Release|x64.Build.0 = Release|x64
		{82F24F17-2FAE-4A54-B128-CE47D939C7F1}.Release|x86.ActiveCfg = Release|x86
		{82F24F17-2FAE-4A54-B128-CE47D939C7F1}.Release|x86.Build.0 = Release|x86
		{1EE29420-7493-4AE3-9A7A-E8B366C9B115}.Debug|Any CPU.ActiveCfg = Debug|Any CPU
		{1EE29420-7493-4AE3-9A7A-E8B366C9B115}.Debug|Any CPU.Build.0 = Debug|Any CPU
		{1EE29420-7493-4AE3-9A7A-E8B366C9B115}.Debug|ARM.ActiveCfg = Debug|ARM
		{1EE29420-7493-4AE3-9A7A-E8B366C9B115}.Debug|ARM.Build.0 = Debug|ARM
		{1EE29420-7493-4AE3-9A7A-E8B366C9B115}.Debug|x64.ActiveCfg = Debug|x64
		{1EE29420-7493-4AE3-9A7A-E8B366C9B115}.Debug|x64.Build.0 = Debug|x64
		{1EE29420-7493-4AE3-9A7A-E8B366C9B115}.Debug|x86.ActiveCfg = Debug|x86
		{1EE29420-7493-4AE3-9A7A-E8B366C9B115}.Debug|x86.Build.0 = Debug|x86
		{1EE29420-7493-4AE3-9A7A-E8B366C9B115}.Release|Any CPU.ActiveCfg = Release|Any CPU
		{1EE29420-7493-4AE3-9A7A-E8B366C9B115}.Release|Any CPU.Build.0 = Release|Any CPU
		{1EE29420-7493-4AE3-9A7A-E8B366C9B115}.Release|ARM.ActiveCfg = Release|ARM
		{1EE29420-7493-4AE3-9A7A-E8B366C9B115}.Release|ARM.Build.0 = Release|ARM
		{1EE29420-7493-4AE3-9A7A-E8B366C9B115}.Release|x64.ActiveCfg = Release|x64
		{1EE29420-7493-4AE3-9A7A-E8B366C9B115}.Release|x64.Build.0 = Release|x64
		{1EE29420-7493-4AE3-9A7A-E8B366C9B115}.Release|x86.ActiveCfg = Release|x86
		{1EE29420-7493-4AE3-9A7A-E8B366C9B115}.Release|x86.Build.0 = Release|x86
		{7E28C975-1DD6-4668-91E7-667EBB1A6355}.Debug|Any CPU.ActiveCfg = Debug|Any CPU
		{7E28C975-1DD6-4668-91E7-667EBB1A6355}.Debug|Any CPU.Build.0 = Debug|Any CPU
		{7E28C975-1DD6-4668-91E7-667EBB1A6355}.Debug|ARM.ActiveCfg = Debug|ARM
		{7E28C975-1DD6-4668-91E7-667EBB1A6355}.Debug|ARM.Build.0 = Debug|ARM
		{7E28C975-1DD6-4668-91E7-667EBB1A6355}.Debug|x64.ActiveCfg = Debug|x64
		{7E28C975-1DD6-4668-91E7-667EBB1A6355}.Debug|x64.Build.0 = Debug|x64
		{7E28C975-1DD6-4668-91E7-667EBB1A6355}.Debug|x86.ActiveCfg = Debug|x86
		{7E28C975-1DD6-4668-91E7-667EBB1A6355}.Debug|x86.Build.0 = Debug|x86
		{7E28C975-1DD6-4668-91E7-667EBB1A6355}.Release|Any CPU.ActiveCfg = Release|Any CPU
		{7E28C975-1DD6-4668-91E7-667EBB1A6355}.Release|Any CPU.Build.0 = Release|Any CPU
		{7E28C975-1DD6-4668-91E7-667EBB1A6355}.Release|ARM.ActiveCfg = Release|ARM
		{7E28C975-1DD6-4668-91E7-667EBB1A6355}.Release|ARM.Build.0 = Release|ARM
		{7E28C975-1DD6-4668-91E7-667EBB1A6355}.Release|x64.ActiveCfg = Release|x64
		{7E28C975-1DD6-4668-91E7-667EBB1A6355}.Release|x64.Build.0 = Release|x64
		{7E28C975-1DD6-4668-91E7-667EBB1A6355}.Release|x86.ActiveCfg = Release|x86
		{7E28C975-1DD6-4668-91E7-667EBB1A6355}.Release|x86.Build.0 = Release|x86
		{BEF15C7F-6222-453C-B233-8B12921E3C6A}.Debug|Any CPU.ActiveCfg = Debug|Any CPU
		{BEF15C7F-6222-453C-B233-8B12921E3C6A}.Debug|Any CPU.Build.0 = Debug|Any CPU
		{BEF15C7F-6222-453C-B233-8B12921E3C6A}.Debug|ARM.ActiveCfg = Debug|ARM
		{BEF15C7F-6222-453C-B233-8B12921E3C6A}.Debug|ARM.Build.0 = Debug|ARM
		{BEF15C7F-6222-453C-B233-8B12921E3C6A}.Debug|x64.ActiveCfg = Debug|x64
		{BEF15C7F-6222-453C-B233-8B12921E3C6A}.Debug|x64.Build.0 = Debug|x64
		{BEF15C7F-6222-453C-B233-8B12921E3C6A}.Debug|x86.ActiveCfg = Debug|x86
		{BEF15C7F-6222-453C-B233-8B12921E3C6A}.Debug|x86.Build.0 = Debug|x86
		{BEF15C7F-6222-453C-B233-8B12921E3C6A}.Release|Any CPU.ActiveCfg = Release|Any CPU
		{BEF15C7F-6222-453C-B233-8B12921E3C6A}.Release|Any CPU.Build.0 = Release|Any CPU
		{BEF15C7F-6222-453C-B233-8B12921E3C6A}.Release|ARM.ActiveCfg = Release|ARM
		{BEF15C7F-6222-453C-B233-8B12921E3C6A}.Release|ARM.Build.0 = Release|ARM
		{BEF15C7F-6222-453C-B233-8B12921E3C6A}.Release|x64.ActiveCfg = Release|x64
		{BEF15C7F-6222-453C-B233-8B12921E3C6A}.Release|x64.Build.0 = Release|x64
		{BEF15C7F-6222-453C-B233-8B12921E3C6A}.Release|x86.ActiveCfg = Release|x86
		{BEF15C7F-6222-453C-B233-8B12921E3C6A}.Release|x86.Build.0 = Release|x86
		{69CD2F21-BC37-4417-8D1A-F6DC5E91C4C9}.Debug|Any CPU.ActiveCfg = Debug|Any CPU
		{69CD2F21-BC37-4417-8D1A-F6DC5E91C4C9}.Debug|Any CPU.Build.0 = Debug|Any CPU
		{69CD2F21-BC37-4417-8D1A-F6DC5E91C4C9}.Debug|ARM.ActiveCfg = Debug|ARM
		{69CD2F21-BC37-4417-8D1A-F6DC5E91C4C9}.Debug|ARM.Build.0 = Debug|ARM
		{69CD2F21-BC37-4417-8D1A-F6DC5E91C4C9}.Debug|x64.ActiveCfg = Debug|x64
		{69CD2F21-BC37-4417-8D1A-F6DC5E91C4C9}.Debug|x64.Build.0 = Debug|x64
		{69CD2F21-BC37-4417-8D1A-F6DC5E91C4C9}.Debug|x86.ActiveCfg = Debug|x86
		{69CD2F21-BC37-4417-8D1A-F6DC5E91C4C9}.Debug|x86.Build.0 = Debug|x86
		{69CD2F21-BC37-4417-8D1A-F6DC5E91C4C9}.Release|Any CPU.ActiveCfg = Release|Any CPU
		{69CD2F21-BC37-4417-8D1A-F6DC5E91C4C9}.Release|Any CPU.Build.0 = Release|Any CPU
		{69CD2F21-BC37-4417-8D1A-F6DC5E91C4C9}.Release|ARM.ActiveCfg = Release|ARM
		{69CD2F21-BC37-4417-8D1A-F6DC5E91C4C9}.Release|ARM.Build.0 = Release|ARM
		{69CD2F21-BC37-4417-8D1A-F6DC5E91C4C9}.Release|x64.ActiveCfg = Release|x64
		{69CD2F21-BC37-4417-8D1A-F6DC5E91C4C9}.Release|x64.Build.0 = Release|x64
		{69CD2F21-BC37-4417-8D1A-F6DC5E91C4C9}.Release|x86.ActiveCfg = Release|x86
		{69CD2F21-BC37-4417-8D1A-F6DC5E91C4C9}.Release|x86.Build.0 = Release|x86
		{96BFA0BF-65BE-4C2F-A149-81132DAF483A}.Debug|Any CPU.ActiveCfg = Debug|Any CPU
		{96BFA0BF-65BE-4C2F-A149-81132DAF483A}.Debug|Any CPU.Build.0 = Debug|Any CPU
		{96BFA0BF-65BE-4C2F-A149-81132DAF483A}.Debug|ARM.ActiveCfg = Debug|ARM
		{96BFA0BF-65BE-4C2F-A149-81132DAF483A}.Debug|ARM.Build.0 = Debug|ARM
		{96BFA0BF-65BE-4C2F-A149-81132DAF483A}.Debug|x64.ActiveCfg = Debug|x64
		{96BFA0BF-65BE-4C2F-A149-81132DAF483A}.Debug|x64.Build.0 = Debug|x64
		{96BFA0BF-65BE-4C2F-A149-81132DAF483A}.Debug|x86.ActiveCfg = Debug|x86
		{96BFA0BF-65BE-4C2F-A149-81132DAF483A}.Debug|x86.Build.0 = Debug|x86
		{96BFA0BF-65BE-4C2F-A149-81132DAF483A}.Release|Any CPU.ActiveCfg = Release|Any CPU
		{96BFA0BF-65BE-4C2F-A149-81132DAF483A}.Release|Any CPU.Build.0 = Release|Any CPU
		{96BFA0BF-65BE-4C2F-A149-81132DAF483A}.Release|ARM.ActiveCfg = Release|ARM
		{96BFA0BF-65BE-4C2F-A149-81132DAF483A}.Release|ARM.Build.0 = Release|ARM
		{96BFA0BF-65BE-4C2F-A149-81132DAF483A}.Release|x64.ActiveCfg = Release|x64
		{96BFA0BF-65BE-4C2F-A149-81132DAF483A}.Release|x64.Build.0 = Release|x64
		{96BFA0BF-65BE-4C2F-A149-81132DAF483A}.Release|x86.ActiveCfg = Release|x86
		{96BFA0BF-65BE-4C2F-A149-81132DAF483A}.Release|x86.Build.0 = Release|x86
		{84CED7B1-7AF1-4B40-9BD8-134F0E3071EC}.Debug|Any CPU.ActiveCfg = Debug|Any CPU
		{84CED7B1-7AF1-4B40-9BD8-134F0E3071EC}.Debug|Any CPU.Build.0 = Debug|Any CPU
		{84CED7B1-7AF1-4B40-9BD8-134F0E3071EC}.Debug|ARM.ActiveCfg = Debug|ARM
		{84CED7B1-7AF1-4B40-9BD8-134F0E3071EC}.Debug|ARM.Build.0 = Debug|ARM
		{84CED7B1-7AF1-4B40-9BD8-134F0E3071EC}.Debug|x64.ActiveCfg = Debug|x64
		{84CED7B1-7AF1-4B40-9BD8-134F0E3071EC}.Debug|x64.Build.0 = Debug|x64
		{84CED7B1-7AF1-4B40-9BD8-134F0E3071EC}.Debug|x86.ActiveCfg = Debug|x86
		{84CED7B1-7AF1-4B40-9BD8-134F0E3071EC}.Debug|x86.Build.0 = Debug|x86
		{84CED7B1-7AF1-4B40-9BD8-134F0E3071EC}.Release|Any CPU.ActiveCfg = Release|Any CPU
		{84CED7B1-7AF1-4B40-9BD8-134F0E3071EC}.Release|Any CPU.Build.0 = Release|Any CPU
		{84CED7B1-7AF1-4B40-9BD8-134F0E3071EC}.Release|ARM.ActiveCfg = Release|ARM
		{84CED7B1-7AF1-4B40-9BD8-134F0E3071EC}.Release|ARM.Build.0 = Release|ARM
		{84CED7B1-7AF1-4B40-9BD8-134F0E3071EC}.Release|x64.ActiveCfg = Release|x64
		{84CED7B1-7AF1-4B40-9BD8-134F0E3071EC}.Release|x64.Build.0 = Release|x64
		{84CED7B1-7AF1-4B40-9BD8-134F0E3071EC}.Release|x86.ActiveCfg = Release|x86
		{84CED7B1-7AF1-4B40-9BD8-134F0E3071EC}.Release|x86.Build.0 = Release|x86
		{52D9EFF4-5F91-43D5-8DE7-B908574E34EF}.Debug|Any CPU.ActiveCfg = Debug|Any CPU
		{52D9EFF4-5F91-43D5-8DE7-B908574E34EF}.Debug|Any CPU.Build.0 = Debug|Any CPU
		{52D9EFF4-5F91-43D5-8DE7-B908574E34EF}.Debug|ARM.ActiveCfg = Debug|ARM
		{52D9EFF4-5F91-43D5-8DE7-B908574E34EF}.Debug|ARM.Build.0 = Debug|ARM
		{52D9EFF4-5F91-43D5-8DE7-B908574E34EF}.Debug|x64.ActiveCfg = Debug|x64
		{52D9EFF4-5F91-43D5-8DE7-B908574E34EF}.Debug|x64.Build.0 = Debug|x64
		{52D9EFF4-5F91-43D5-8DE7-B908574E34EF}.Debug|x86.ActiveCfg = Debug|x86
		{52D9EFF4-5F91-43D5-8DE7-B908574E34EF}.Debug|x86.Build.0 = Debug|x86
		{52D9EFF4-5F91-43D5-8DE7-B908574E34EF}.Release|Any CPU.ActiveCfg = Release|Any CPU
		{52D9EFF4-5F91-43D5-8DE7-B908574E34EF}.Release|Any CPU.Build.0 = Release|Any CPU
		{52D9EFF4-5F91-43D5-8DE7-B908574E34EF}.Release|ARM.ActiveCfg = Release|ARM
		{52D9EFF4-5F91-43D5-8DE7-B908574E34EF}.Release|ARM.Build.0 = Release|ARM
		{52D9EFF4-5F91-43D5-8DE7-B908574E34EF}.Release|x64.ActiveCfg = Release|x64
		{52D9EFF4-5F91-43D5-8DE7-B908574E34EF}.Release|x64.Build.0 = Release|x64
		{52D9EFF4-5F91-43D5-8DE7-B908574E34EF}.Release|x86.ActiveCfg = Release|x86
		{52D9EFF4-5F91-43D5-8DE7-B908574E34EF}.Release|x86.Build.0 = Release|x86
		{7382BF81-C0D0-4661-8CD2-23EEFE8F1E5E}.Debug|Any CPU.ActiveCfg = Debug|Any CPU
		{7382BF81-C0D0-4661-8CD2-23EEFE8F1E5E}.Debug|Any CPU.Build.0 = Debug|Any CPU
		{7382BF81-C0D0-4661-8CD2-23EEFE8F1E5E}.Debug|ARM.ActiveCfg = Debug|ARM
		{7382BF81-C0D0-4661-8CD2-23EEFE8F1E5E}.Debug|ARM.Build.0 = Debug|ARM
		{7382BF81-C0D0-4661-8CD2-23EEFE8F1E5E}.Debug|x64.ActiveCfg = Debug|x64
		{7382BF81-C0D0-4661-8CD2-23EEFE8F1E5E}.Debug|x64.Build.0 = Debug|x64
		{7382BF81-C0D0-4661-8CD2-23EEFE8F1E5E}.Debug|x86.ActiveCfg = Debug|x86
		{7382BF81-C0D0-4661-8CD2-23EEFE8F1E5E}.Debug|x86.Build.0 = Debug|x86
		{7382BF81-C0D0-4661-8CD2-23EEFE8F1E5E}.Release|Any CPU.ActiveCfg = Release|Any CPU
		{7382BF81-C0D0-4661-8CD2-23EEFE8F1E5E}.Release|Any CPU.Build.0 = Release|Any CPU
		{7382BF81-C0D0-4661-8CD2-23EEFE8F1E5E}.Release|ARM.ActiveCfg = Release|ARM
		{7382BF81-C0D0-4661-8CD2-23EEFE8F1E5E}.Release|ARM.Build.0 = Release|ARM
		{7382BF81-C0D0-4661-8CD2-23EEFE8F1E5E}.Release|x64.ActiveCfg = Release|x64
		{7382BF81-C0D0-4661-8CD2-23EEFE8F1E5E}.Release|x64.Build.0 = Release|x64
		{7382BF81-C0D0-4661-8CD2-23EEFE8F1E5E}.Release|x86.ActiveCfg = Release|x86
		{7382BF81-C0D0-4661-8CD2-23EEFE8F1E5E}.Release|x86.Build.0 = Release|x86
		{4427EAD7-0561-44C0-9294-2F4CDE6CC9DE}.Debug|Any CPU.ActiveCfg = Debug|Any CPU
		{4427EAD7-0561-44C0-9294-2F4CDE6CC9DE}.Debug|Any CPU.Build.0 = Debug|Any CPU
		{4427EAD7-0561-44C0-9294-2F4CDE6CC9DE}.Debug|ARM.ActiveCfg = Debug|ARM
		{4427EAD7-0561-44C0-9294-2F4CDE6CC9DE}.Debug|ARM.Build.0 = Debug|ARM
		{4427EAD7-0561-44C0-9294-2F4CDE6CC9DE}.Debug|x64.ActiveCfg = Debug|x64
		{4427EAD7-0561-44C0-9294-2F4CDE6CC9DE}.Debug|x64.Build.0 = Debug|x64
		{4427EAD7-0561-44C0-9294-2F4CDE6CC9DE}.Debug|x86.ActiveCfg = Debug|x86
		{4427EAD7-0561-44C0-9294-2F4CDE6CC9DE}.Debug|x86.Build.0 = Debug|x86
		{4427EAD7-0561-44C0-9294-2F4CDE6CC9DE}.Release|Any CPU.ActiveCfg = Release|Any CPU
		{4427EAD7-0561-44C0-9294-2F4CDE6CC9DE}.Release|Any CPU.Build.0 = Release|Any CPU
		{4427EAD7-0561-44C0-9294-2F4CDE6CC9DE}.Release|ARM.ActiveCfg = Release|ARM
		{4427EAD7-0561-44C0-9294-2F4CDE6CC9DE}.Release|ARM.Build.0 = Release|ARM
		{4427EAD7-0561-44C0-9294-2F4CDE6CC9DE}.Release|x64.ActiveCfg = Release|x64
		{4427EAD7-0561-44C0-9294-2F4CDE6CC9DE}.Release|x64.Build.0 = Release|x64
		{4427EAD7-0561-44C0-9294-2F4CDE6CC9DE}.Release|x86.ActiveCfg = Release|x86
		{4427EAD7-0561-44C0-9294-2F4CDE6CC9DE}.Release|x86.Build.0 = Release|x86
		{DD362B5A-7603-4480-8D5E-8A003DAFB614}.Debug|Any CPU.ActiveCfg = Debug|Any CPU
		{DD362B5A-7603-4480-8D5E-8A003DAFB614}.Debug|Any CPU.Build.0 = Debug|Any CPU
		{DD362B5A-7603-4480-8D5E-8A003DAFB614}.Debug|ARM.ActiveCfg = Debug|ARM
		{DD362B5A-7603-4480-8D5E-8A003DAFB614}.Debug|ARM.Build.0 = Debug|ARM
		{DD362B5A-7603-4480-8D5E-8A003DAFB614}.Debug|x64.ActiveCfg = Debug|x64
		{DD362B5A-7603-4480-8D5E-8A003DAFB614}.Debug|x64.Build.0 = Debug|x64
		{DD362B5A-7603-4480-8D5E-8A003DAFB614}.Debug|x86.ActiveCfg = Debug|x86
		{DD362B5A-7603-4480-8D5E-8A003DAFB614}.Debug|x86.Build.0 = Debug|x86
		{DD362B5A-7603-4480-8D5E-8A003DAFB614}.Release|Any CPU.ActiveCfg = Release|Any CPU
		{DD362B5A-7603-4480-8D5E-8A003DAFB614}.Release|Any CPU.Build.0 = Release|Any CPU
		{DD362B5A-7603-4480-8D5E-8A003DAFB614}.Release|ARM.ActiveCfg = Release|ARM
		{DD362B5A-7603-4480-8D5E-8A003DAFB614}.Release|ARM.Build.0 = Release|ARM
		{DD362B5A-7603-4480-8D5E-8A003DAFB614}.Release|x64.ActiveCfg = Release|x64
		{DD362B5A-7603-4480-8D5E-8A003DAFB614}.Release|x64.Build.0 = Release|x64
		{DD362B5A-7603-4480-8D5E-8A003DAFB614}.Release|x86.ActiveCfg = Release|x86
		{DD362B5A-7603-4480-8D5E-8A003DAFB614}.Release|x86.Build.0 = Release|x86
		{9F029EF8-63FA-43B0-96EB-98E17E8FCD56}.Debug|Any CPU.ActiveCfg = Debug|Any CPU
		{9F029EF8-63FA-43B0-96EB-98E17E8FCD56}.Debug|Any CPU.Build.0 = Debug|Any CPU
		{9F029EF8-63FA-43B0-96EB-98E17E8FCD56}.Debug|ARM.ActiveCfg = Debug|ARM
		{9F029EF8-63FA-43B0-96EB-98E17E8FCD56}.Debug|ARM.Build.0 = Debug|ARM
		{9F029EF8-63FA-43B0-96EB-98E17E8FCD56}.Debug|x64.ActiveCfg = Debug|x64
		{9F029EF8-63FA-43B0-96EB-98E17E8FCD56}.Debug|x64.Build.0 = Debug|x64
		{9F029EF8-63FA-43B0-96EB-98E17E8FCD56}.Debug|x86.ActiveCfg = Debug|x86
		{9F029EF8-63FA-43B0-96EB-98E17E8FCD56}.Debug|x86.Build.0 = Debug|x86
		{9F029EF8-63FA-43B0-96EB-98E17E8FCD56}.Release|Any CPU.ActiveCfg = Release|Any CPU
		{9F029EF8-63FA-43B0-96EB-98E17E8FCD56}.Release|Any CPU.Build.0 = Release|Any CPU
		{9F029EF8-63FA-43B0-96EB-98E17E8FCD56}.Release|ARM.ActiveCfg = Release|ARM
		{9F029EF8-63FA-43B0-96EB-98E17E8FCD56}.Release|ARM.Build.0 = Release|ARM
		{9F029EF8-63FA-43B0-96EB-98E17E8FCD56}.Release|x64.ActiveCfg = Release|x64
		{9F029EF8-63FA-43B0-96EB-98E17E8FCD56}.Release|x64.Build.0 = Release|x64
		{9F029EF8-63FA-43B0-96EB-98E17E8FCD56}.Release|x86.ActiveCfg = Release|x86
		{9F029EF8-63FA-43B0-96EB-98E17E8FCD56}.Release|x86.Build.0 = Release|x86
		{C3F9989C-B690-47B5-8671-CB232AB62C97}.Debug|Any CPU.ActiveCfg = Debug|Any CPU
		{C3F9989C-B690-47B5-8671-CB232AB62C97}.Debug|Any CPU.Build.0 = Debug|Any CPU
		{C3F9989C-B690-47B5-8671-CB232AB62C97}.Debug|ARM.ActiveCfg = Debug|ARM
		{C3F9989C-B690-47B5-8671-CB232AB62C97}.Debug|ARM.Build.0 = Debug|ARM
		{C3F9989C-B690-47B5-8671-CB232AB62C97}.Debug|x64.ActiveCfg = Debug|x64
		{C3F9989C-B690-47B5-8671-CB232AB62C97}.Debug|x64.Build.0 = Debug|x64
		{C3F9989C-B690-47B5-8671-CB232AB62C97}.Debug|x86.ActiveCfg = Debug|x86
		{C3F9989C-B690-47B5-8671-CB232AB62C97}.Debug|x86.Build.0 = Debug|x86
		{C3F9989C-B690-47B5-8671-CB232AB62C97}.Release|Any CPU.ActiveCfg = Release|Any CPU
		{C3F9989C-B690-47B5-8671-CB232AB62C97}.Release|Any CPU.Build.0 = Release|Any CPU
		{C3F9989C-B690-47B5-8671-CB232AB62C97}.Release|ARM.ActiveCfg = Release|ARM
		{C3F9989C-B690-47B5-8671-CB232AB62C97}.Release|ARM.Build.0 = Release|ARM
		{C3F9989C-B690-47B5-8671-CB232AB62C97}.Release|x64.ActiveCfg = Release|x64
		{C3F9989C-B690-47B5-8671-CB232AB62C97}.Release|x64.Build.0 = Release|x64
		{C3F9989C-B690-47B5-8671-CB232AB62C97}.Release|x86.ActiveCfg = Release|x86
		{C3F9989C-B690-47B5-8671-CB232AB62C97}.Release|x86.Build.0 = Release|x86
		{F53F598E-ADE5-47AE-A94A-64C6BDA7D565}.Debug|Any CPU.ActiveCfg = Debug|Any CPU
		{F53F598E-ADE5-47AE-A94A-64C6BDA7D565}.Debug|Any CPU.Build.0 = Debug|Any CPU
		{F53F598E-ADE5-47AE-A94A-64C6BDA7D565}.Debug|ARM.ActiveCfg = Debug|ARM
		{F53F598E-ADE5-47AE-A94A-64C6BDA7D565}.Debug|ARM.Build.0 = Debug|ARM
		{F53F598E-ADE5-47AE-A94A-64C6BDA7D565}.Debug|x64.ActiveCfg = Debug|x64
		{F53F598E-ADE5-47AE-A94A-64C6BDA7D565}.Debug|x64.Build.0 = Debug|x64
		{F53F598E-ADE5-47AE-A94A-64C6BDA7D565}.Debug|x86.ActiveCfg = Debug|x86
		{F53F598E-ADE5-47AE-A94A-64C6BDA7D565}.Debug|x86.Build.0 = Debug|x86
		{F53F598E-ADE5-47AE-A94A-64C6BDA7D565}.Release|Any CPU.ActiveCfg = Release|Any CPU
		{F53F598E-ADE5-47AE-A94A-64C6BDA7D565}.Release|Any CPU.Build.0 = Release|Any CPU
		{F53F598E-ADE5-47AE-A94A-64C6BDA7D565}.Release|ARM.ActiveCfg = Release|ARM
		{F53F598E-ADE5-47AE-A94A-64C6BDA7D565}.Release|ARM.Build.0 = Release|ARM
		{F53F598E-ADE5-47AE-A94A-64C6BDA7D565}.Release|x64.ActiveCfg = Release|x64
		{F53F598E-ADE5-47AE-A94A-64C6BDA7D565}.Release|x64.Build.0 = Release|x64
		{F53F598E-ADE5-47AE-A94A-64C6BDA7D565}.Release|x86.ActiveCfg = Release|x86
		{F53F598E-ADE5-47AE-A94A-64C6BDA7D565}.Release|x86.Build.0 = Release|x86
	EndGlobalSection
	GlobalSection(SolutionProperties) = preSolution
		HideSolutionNode = FALSE
	EndGlobalSection
	GlobalSection(NestedProjects) = preSolution
		{9A36EC19-ABDF-487A-9616-D42B841F40BB} = {F11BBEBD-881B-489D-87DE-1A8BA12CA235}
		{0B72A614-5927-4DB8-8B88-2C67F882E0F6} = {B7ED9F26-CCEC-42AE-9ED9-AF6BCA0178C4}
		{1FC40AA3-C4C3-431C-98F4-7DE7ECB76B93} = {F11BBEBD-881B-489D-87DE-1A8BA12CA235}
		{DBAB9016-24BD-4A0A-A8C8-19459D3EEA9C} = {B7ED9F26-CCEC-42AE-9ED9-AF6BCA0178C4}
		{79D94E05-444D-4100-8A91-265EBBF65201} = {B7ED9F26-CCEC-42AE-9ED9-AF6BCA0178C4}
		{7DEAC086-8971-4BB8-96CB-F9FD45EB8ADF} = {F11BBEBD-881B-489D-87DE-1A8BA12CA235}
		{82F24F17-2FAE-4A54-B128-CE47D939C7F1} = {F11BBEBD-881B-489D-87DE-1A8BA12CA235}
		{1EE29420-7493-4AE3-9A7A-E8B366C9B115} = {B7ED9F26-CCEC-42AE-9ED9-AF6BCA0178C4}
		{7E28C975-1DD6-4668-91E7-667EBB1A6355} = {F11BBEBD-881B-489D-87DE-1A8BA12CA235}
		{BEF15C7F-6222-453C-B233-8B12921E3C6A} = {9A82DD57-CBBE-49D1-AB4A-915755BD6EAF}
		{69CD2F21-BC37-4417-8D1A-F6DC5E91C4C9} = {B7ED9F26-CCEC-42AE-9ED9-AF6BCA0178C4}
		{96BFA0BF-65BE-4C2F-A149-81132DAF483A} = {9A82DD57-CBBE-49D1-AB4A-915755BD6EAF}
		{84CED7B1-7AF1-4B40-9BD8-134F0E3071EC} = {9A82DD57-CBBE-49D1-AB4A-915755BD6EAF}
		{52D9EFF4-5F91-43D5-8DE7-B908574E34EF} = {9A82DD57-CBBE-49D1-AB4A-915755BD6EAF}
		{7382BF81-C0D0-4661-8CD2-23EEFE8F1E5E} = {B7ED9F26-CCEC-42AE-9ED9-AF6BCA0178C4}
		{4427EAD7-0561-44C0-9294-2F4CDE6CC9DE} = {0B78EC19-A66B-4F24-8231-A824EAC50D33}
		{DD362B5A-7603-4480-8D5E-8A003DAFB614} = {9366C060-0A2D-4A92-94D3-E55F4F1EEAF2}
		{9F029EF8-63FA-43B0-96EB-98E17E8FCD56} = {9366C060-0A2D-4A92-94D3-E55F4F1EEAF2}
		{C3F9989C-B690-47B5-8671-CB232AB62C97} = {9366C060-0A2D-4A92-94D3-E55F4F1EEAF2}
		{F53F598E-ADE5-47AE-A94A-64C6BDA7D565} = {9A82DD57-CBBE-49D1-AB4A-915755BD6EAF}
	EndGlobalSection
EndGlobal
